// !$*UTF8*$!
{
	archiveVersion = 1;
	classes = {
	};
	objectVersion = 46;
	objects = {

/* Begin PBXBuildFile section */
		EE47E4BB197DBA9F005DC12D /* InStoreViewControllerHomePage.m in Sources */ = {isa = PBXBuildFile; fileRef = EE47E4B9197DBA9F005DC12D /* InStoreViewControllerHomePage.m */; };
		EE47E4BC197DBA9F005DC12D /* InStoreViewControllerHomePage.xib in Resources */ = {isa = PBXBuildFile; fileRef = EE47E4BA197DBA9F005DC12D /* InStoreViewControllerHomePage.xib */; };
		EE47E4C0197DBD48005DC12D /* InStoreViewControllerDontThink.m in Sources */ = {isa = PBXBuildFile; fileRef = EE47E4BE197DBD48005DC12D /* InStoreViewControllerDontThink.m */; };
		EE47E4C1197DBD48005DC12D /* InStoreViewControllerDontThink.xib in Resources */ = {isa = PBXBuildFile; fileRef = EE47E4BF197DBD48005DC12D /* InStoreViewControllerDontThink.xib */; };
		EE47E4C4197ECD02005DC12D /* InStoreSession.m in Sources */ = {isa = PBXBuildFile; fileRef = EE47E4C3197ECD02005DC12D /* InStoreSession.m */; };
		EE47E4CA197ED220005DC12D /* 2 new.jpg in Resources */ = {isa = PBXBuildFile; fileRef = EE47E4C5197ED220005DC12D /* 2 new.jpg */; };
		EE47E4CB197ED220005DC12D /* 1 new.jpg in Resources */ = {isa = PBXBuildFile; fileRef = EE47E4C6197ED220005DC12D /* 1 new.jpg */; };
		EE47E4CC197ED220005DC12D /* 3 new.jpg in Resources */ = {isa = PBXBuildFile; fileRef = EE47E4C7197ED220005DC12D /* 3 new.jpg */; };
		EE47E4CD197ED220005DC12D /* lips final.jpg in Resources */ = {isa = PBXBuildFile; fileRef = EE47E4C8197ED220005DC12D /* lips final.jpg */; };
		EE47E4CE197ED220005DC12D /* home.jpg in Resources */ = {isa = PBXBuildFile; fileRef = EE47E4C9197ED220005DC12D /* home.jpg */; };
		EE47E4D0197ED31B005DC12D /* home (1).png in Resources */ = {isa = PBXBuildFile; fileRef = EE47E4CF197ED31B005DC12D /* home (1).png */; };
		EE47E4D2197EDEBE005DC12D /* zebra2 (1).jpg in Resources */ = {isa = PBXBuildFile; fileRef = EE47E4D1197EDEBE005DC12D /* zebra2 (1).jpg */; };
		EE9B639A197475FA00AD9BDB /* AudioController.m in Sources */ = {isa = PBXBuildFile; fileRef = EE9B6399197475FA00AD9BDB /* AudioController.m */; };
		EE9B63A3197492DA00AD9BDB /* Beat1.aif in Resources */ = {isa = PBXBuildFile; fileRef = EE9B63A0197492DA00AD9BDB /* Beat1.aif */; };
		EE9B63A4197492DA00AD9BDB /* high hat strut.aif in Resources */ = {isa = PBXBuildFile; fileRef = EE9B63A1197492DA00AD9BDB /* high hat strut.aif */; };
		EE9B63A5197492DA00AD9BDB /* southern rock.aif in Resources */ = {isa = PBXBuildFile; fileRef = EE9B63A2197492DA00AD9BDB /* southern rock.aif */; };
		EE9B64381979954E00AD9BDB /* InStoreViewControllerHome.m in Sources */ = {isa = PBXBuildFile; fileRef = EE9B64371979954E00AD9BDB /* InStoreViewControllerHome.m */; };
		EE9B643B1979C8EB00AD9BDB /* InStoreAppTimer.m in Sources */ = {isa = PBXBuildFile; fileRef = EE9B643A1979C8EB00AD9BDB /* InStoreAppTimer.m */; };
		EE9B643F1979E4B800AD9BDB /* Circle 2.jpeg in Resources */ = {isa = PBXBuildFile; fileRef = EE9B643E1979E4B800AD9BDB /* Circle 2.jpeg */; };
		EE9B64411979E4BF00AD9BDB /* Circle 3.jpeg in Resources */ = {isa = PBXBuildFile; fileRef = EE9B64401979E4BF00AD9BDB /* Circle 3.jpeg */; };
		EE9B64651979F78A00AD9BDB /* zebra 1.jpg in Resources */ = {isa = PBXBuildFile; fileRef = EE9B64421979F78A00AD9BDB /* zebra 1.jpg */; };
		EE9B64661979F78A00AD9BDB /* zebra2.jpg in Resources */ = {isa = PBXBuildFile; fileRef = EE9B64431979F78A00AD9BDB /* zebra2.jpg */; };
		EE9B64671979F78A00AD9BDB /* Texture3.jpg in Resources */ = {isa = PBXBuildFile; fileRef = EE9B64441979F78A00AD9BDB /* Texture3.jpg */; };
		EE9B64681979F78A00AD9BDB /* Texture2.jpg in Resources */ = {isa = PBXBuildFile; fileRef = EE9B64451979F78A00AD9BDB /* Texture2.jpg */; };
		EE9B64691979F78A00AD9BDB /* Texture1.jpg in Resources */ = {isa = PBXBuildFile; fileRef = EE9B64461979F78A00AD9BDB /* Texture1.jpg */; };
		EE9B646A1979F78A00AD9BDB /* Sunset2.jpg in Resources */ = {isa = PBXBuildFile; fileRef = EE9B64471979F78A00AD9BDB /* Sunset2.jpg */; };
		EE9B646B1979F78A00AD9BDB /* Sunset1.jpg in Resources */ = {isa = PBXBuildFile; fileRef = EE9B64481979F78A00AD9BDB /* Sunset1.jpg */; };
		EE9B646C1979F78A00AD9BDB /* Shape 2.jpg in Resources */ = {isa = PBXBuildFile; fileRef = EE9B64491979F78A00AD9BDB /* Shape 2.jpg */; };
		EE9B646D1979F78A00AD9BDB /* Shape 1.jpg in Resources */ = {isa = PBXBuildFile; fileRef = EE9B644A1979F78A00AD9BDB /* Shape 1.jpg */; };
		EE9B646E1979F78A00AD9BDB /* Lips4.jpg in Resources */ = {isa = PBXBuildFile; fileRef = EE9B644B1979F78A00AD9BDB /* Lips4.jpg */; };
		EE9B646F1979F78A00AD9BDB /* Lips3.jpg in Resources */ = {isa = PBXBuildFile; fileRef = EE9B644C1979F78A00AD9BDB /* Lips3.jpg */; };
		EE9B64701979F78A00AD9BDB /* Lips2.jpg in Resources */ = {isa = PBXBuildFile; fileRef = EE9B644D1979F78A00AD9BDB /* Lips2.jpg */; };
		EE9B64711979F78A00AD9BDB /* Lips1.pdf in Resources */ = {isa = PBXBuildFile; fileRef = EE9B644E1979F78A00AD9BDB /* Lips1.pdf */; };
		EE9B64721979F78A00AD9BDB /* Flower2.jpg in Resources */ = {isa = PBXBuildFile; fileRef = EE9B644F1979F78A00AD9BDB /* Flower2.jpg */; };
		EE9B64731979F78A00AD9BDB /* Flower1.jpg in Resources */ = {isa = PBXBuildFile; fileRef = EE9B64501979F78A00AD9BDB /* Flower1.jpg */; };
		EE9B64741979F78A00AD9BDB /* Color3.jpg in Resources */ = {isa = PBXBuildFile; fileRef = EE9B64511979F78A00AD9BDB /* Color3.jpg */; };
		EE9B64751979F78A00AD9BDB /* Color2.jpg in Resources */ = {isa = PBXBuildFile; fileRef = EE9B64521979F78A00AD9BDB /* Color2.jpg */; };
		EE9B64761979F78A00AD9BDB /* Color1.jpg in Resources */ = {isa = PBXBuildFile; fileRef = EE9B64531979F78A00AD9BDB /* Color1.jpg */; };
		EE9B64781979F78A00AD9BDB /* Car 4.jpg in Resources */ = {isa = PBXBuildFile; fileRef = EE9B64551979F78A00AD9BDB /* Car 4.jpg */; };
		EE9B64791979F78A00AD9BDB /* Car 3.jpg in Resources */ = {isa = PBXBuildFile; fileRef = EE9B64561979F78A00AD9BDB /* Car 3.jpg */; };
		EE9B647A1979F78A00AD9BDB /* Car 2.jpg in Resources */ = {isa = PBXBuildFile; fileRef = EE9B64571979F78A00AD9BDB /* Car 2.jpg */; };
		EE9B647B1979F78A00AD9BDB /* Car 1.jpg in Resources */ = {isa = PBXBuildFile; fileRef = EE9B64581979F78A00AD9BDB /* Car 1.jpg */; };
		EE9B647C1979F78A00AD9BDB /* bathroom 3.jpg in Resources */ = {isa = PBXBuildFile; fileRef = EE9B64591979F78A00AD9BDB /* bathroom 3.jpg */; };
		EE9B647D1979F78A00AD9BDB /* bathroom 1.jpg in Resources */ = {isa = PBXBuildFile; fileRef = EE9B645A1979F78A00AD9BDB /* bathroom 1.jpg */; };
		EE9B647E1979F78A00AD9BDB /* Bathroom4.jpg in Resources */ = {isa = PBXBuildFile; fileRef = EE9B645B1979F78A00AD9BDB /* Bathroom4.jpg */; };
		EE9B647F1979F78A00AD9BDB /* Bathroom2.jpg in Resources */ = {isa = PBXBuildFile; fileRef = EE9B645C1979F78A00AD9BDB /* Bathroom2.jpg */; };
		EE9B64801979F78A00AD9BDB /* Background3.jpg in Resources */ = {isa = PBXBuildFile; fileRef = EE9B645D1979F78A00AD9BDB /* Background3.jpg */; };
		EE9B64811979F78A00AD9BDB /* Background2.jpg in Resources */ = {isa = PBXBuildFile; fileRef = EE9B645E1979F78A00AD9BDB /* Background2.jpg */; };
		EE9B64821979F78A00AD9BDB /* Background1.jpg in Resources */ = {isa = PBXBuildFile; fileRef = EE9B645F1979F78A00AD9BDB /* Background1.jpg */; };
		EE9B64831979F78A00AD9BDB /* Art 1.jpg in Resources */ = {isa = PBXBuildFile; fileRef = EE9B64601979F78A00AD9BDB /* Art 1.jpg */; };
		EE9B64841979F78A00AD9BDB /* Art2.jpg in Resources */ = {isa = PBXBuildFile; fileRef = EE9B64611979F78A00AD9BDB /* Art2.jpg */; };
		EE9B64851979F78A00AD9BDB /* Animal3.jpg in Resources */ = {isa = PBXBuildFile; fileRef = EE9B64621979F78A00AD9BDB /* Animal3.jpg */; };
		EE9B64861979F78A00AD9BDB /* Animal2.jpg in Resources */ = {isa = PBXBuildFile; fileRef = EE9B64631979F78A00AD9BDB /* Animal2.jpg */; };
		EE9B64871979F78A00AD9BDB /* Animal1.jpg in Resources */ = {isa = PBXBuildFile; fileRef = EE9B64641979F78A00AD9BDB /* Animal1.jpg */; };
		EE9B6489197AEB0900AD9BDB /* Lips1.jpg in Resources */ = {isa = PBXBuildFile; fileRef = EE9B6488197AEB0900AD9BDB /* Lips1.jpg */; };
		EE9B6493197AFB2700AD9BDB /* progress12.jpg in Resources */ = {isa = PBXBuildFile; fileRef = EE9B648A197AFB2700AD9BDB /* progress12.jpg */; };
		EE9B6494197AFB2700AD9BDB /* progress11.jpg in Resources */ = {isa = PBXBuildFile; fileRef = EE9B648B197AFB2700AD9BDB /* progress11.jpg */; };
		EE9B6495197AFB2700AD9BDB /* progress10.jpg in Resources */ = {isa = PBXBuildFile; fileRef = EE9B648C197AFB2700AD9BDB /* progress10.jpg */; };
		EE9B6496197AFB2700AD9BDB /* progress9.jpg in Resources */ = {isa = PBXBuildFile; fileRef = EE9B648D197AFB2700AD9BDB /* progress9.jpg */; };
		EE9B6497197AFB2700AD9BDB /* progress8.jpg in Resources */ = {isa = PBXBuildFile; fileRef = EE9B648E197AFB2700AD9BDB /* progress8.jpg */; };
		EE9B6498197AFB2700AD9BDB /* progress7.jpg in Resources */ = {isa = PBXBuildFile; fileRef = EE9B648F197AFB2700AD9BDB /* progress7.jpg */; };
		EE9B6499197AFB2700AD9BDB /* progress6.jpg in Resources */ = {isa = PBXBuildFile; fileRef = EE9B6490197AFB2700AD9BDB /* progress6.jpg */; };
		EE9B649A197AFB2700AD9BDB /* progress5.jpg in Resources */ = {isa = PBXBuildFile; fileRef = EE9B6491197AFB2700AD9BDB /* progress5.jpg */; };
		EE9B649B197AFB2700AD9BDB /* progress4.jpg in Resources */ = {isa = PBXBuildFile; fileRef = EE9B6492197AFB2700AD9BDB /* progress4.jpg */; };
		EEAE98C11980110900D19F1A /* ReturnOne.m in Sources */ = {isa = PBXBuildFile; fileRef = EEAE98BF1980110900D19F1A /* ReturnOne.m */; };
		EEAE98C21980110900D19F1A /* ReturnOne.xib in Resources */ = {isa = PBXBuildFile; fileRef = EEAE98C01980110900D19F1A /* ReturnOne.xib */; };
		EEAE98C6198014B100D19F1A /* ReturnTwo.m in Sources */ = {isa = PBXBuildFile; fileRef = EEAE98C4198014B100D19F1A /* ReturnTwo.m */; };
		EEAE98C7198014B100D19F1A /* ReturnTwo.xib in Resources */ = {isa = PBXBuildFile; fileRef = EEAE98C5198014B100D19F1A /* ReturnTwo.xib */; };
		EEAE98CB198014BB00D19F1A /* ReturnThree.m in Sources */ = {isa = PBXBuildFile; fileRef = EEAE98C9198014BB00D19F1A /* ReturnThree.m */; };
		EEAE98CC198014BB00D19F1A /* ReturnThree.xib in Resources */ = {isa = PBXBuildFile; fileRef = EEAE98CA198014BB00D19F1A /* ReturnThree.xib */; };
		EEAE98D0198014C700D19F1A /* ReturnFour.m in Sources */ = {isa = PBXBuildFile; fileRef = EEAE98CE198014C700D19F1A /* ReturnFour.m */; };
		EEAE98D1198014C700D19F1A /* ReturnFour.xib in Resources */ = {isa = PBXBuildFile; fileRef = EEAE98CF198014C700D19F1A /* ReturnFour.xib */; };
		EEAE98D5198014DD00D19F1A /* ReturnFive.m in Sources */ = {isa = PBXBuildFile; fileRef = EEAE98D3198014DD00D19F1A /* ReturnFive.m */; };
		EEAE98D6198014DD00D19F1A /* ReturnFive.xib in Resources */ = {isa = PBXBuildFile; fileRef = EEAE98D4198014DD00D19F1A /* ReturnFive.xib */; };
		EEAE98DA198014E700D19F1A /* ReturnSix.m in Sources */ = {isa = PBXBuildFile; fileRef = EEAE98D8198014E700D19F1A /* ReturnSix.m */; };
		EEAE98DB198014E700D19F1A /* ReturnSix.xib in Resources */ = {isa = PBXBuildFile; fileRef = EEAE98D9198014E700D19F1A /* ReturnSix.xib */; };
		EEAE98DF198014F100D19F1A /* ReturnSeven.m in Sources */ = {isa = PBXBuildFile; fileRef = EEAE98DD198014F100D19F1A /* ReturnSeven.m */; };
		EEAE98E0198014F100D19F1A /* ReturnSeven.xib in Resources */ = {isa = PBXBuildFile; fileRef = EEAE98DE198014F100D19F1A /* ReturnSeven.xib */; };
		EEAE98E4198014FC00D19F1A /* ReturnEight.m in Sources */ = {isa = PBXBuildFile; fileRef = EEAE98E2198014FC00D19F1A /* ReturnEight.m */; };
		EEAE98E5198014FC00D19F1A /* ReturnEight.xib in Resources */ = {isa = PBXBuildFile; fileRef = EEAE98E3198014FC00D19F1A /* ReturnEight.xib */; };
		EEAE98E91980150600D19F1A /* ReturnNine.m in Sources */ = {isa = PBXBuildFile; fileRef = EEAE98E71980150500D19F1A /* ReturnNine.m */; };
		EEAE98EA1980150600D19F1A /* ReturnNine.xib in Resources */ = {isa = PBXBuildFile; fileRef = EEAE98E81980150600D19F1A /* ReturnNine.xib */; };
		EEAE98EE1980150F00D19F1A /* ReturnTen.m in Sources */ = {isa = PBXBuildFile; fileRef = EEAE98EC1980150F00D19F1A /* ReturnTen.m */; };
		EEAE98EF1980150F00D19F1A /* ReturnTen.xib in Resources */ = {isa = PBXBuildFile; fileRef = EEAE98ED1980150F00D19F1A /* ReturnTen.xib */; };
		EEAE98F31980151900D19F1A /* ReturnEleven.m in Sources */ = {isa = PBXBuildFile; fileRef = EEAE98F11980151900D19F1A /* ReturnEleven.m */; };
		EEAE98F41980151900D19F1A /* ReturnEleven.xib in Resources */ = {isa = PBXBuildFile; fileRef = EEAE98F21980151900D19F1A /* ReturnEleven.xib */; };
		EEAE990819802A0000D19F1A /* 30ballroom_philosopher.png in Resources */ = {isa = PBXBuildFile; fileRef = EEAE98F519802A0000D19F1A /* 30ballroom_philosopher.png */; };
		EEAE990919802A0000D19F1A /* 30campfire_rebel.png in Resources */ = {isa = PBXBuildFile; fileRef = EEAE98F619802A0000D19F1A /* 30campfire_rebel.png */; };
		EEAE990A19802A0000D19F1A /* 30merry_maker.png in Resources */ = {isa = PBXBuildFile; fileRef = EEAE98F719802A0000D19F1A /* 30merry_maker.png */; };
		EEAE990B19802A0000D19F1A /* 30moonlight_gypsy.png in Resources */ = {isa = PBXBuildFile; fileRef = EEAE98F819802A0000D19F1A /* 30moonlight_gypsy.png */; };
		EEAE990C19802A0000D19F1A /* 30renegade_scarlet.png in Resources */ = {isa = PBXBuildFile; fileRef = EEAE98F919802A0000D19F1A /* 30renegade_scarlet.png */; };
		EEAE990D19802A0000D19F1A /* 30rooftop_socialite.png in Resources */ = {isa = PBXBuildFile; fileRef = EEAE98FA19802A0000D19F1A /* 30rooftop_socialite.png */; };
		EEAE990E19802A0000D19F1A /* 30sugar_bandit.png in Resources */ = {isa = PBXBuildFile; fileRef = EEAE98FB19802A0000D19F1A /* 30sugar_bandit.png */; };
		EEAE990F19802A0000D19F1A /* 30surf_siren.png in Resources */ = {isa = PBXBuildFile; fileRef = EEAE98FC19802A0000D19F1A /* 30surf_siren.png */; };
		EEAE991019802A0000D19F1A /* 30treehouse_royal.png in Resources */ = {isa = PBXBuildFile; fileRef = EEAE98FD19802A0000D19F1A /* 30treehouse_royal.png */; };
		EEAE991119802A0000D19F1A /* 70ballroom_philosopher.png in Resources */ = {isa = PBXBuildFile; fileRef = EEAE98FE19802A0000D19F1A /* 70ballroom_philosopher.png */; };
		EEAE991219802A0000D19F1A /* 70campfire_rebel.png in Resources */ = {isa = PBXBuildFile; fileRef = EEAE98FF19802A0000D19F1A /* 70campfire_rebel.png */; };
		EEAE991319802A0000D19F1A /* 70merry_maker.png in Resources */ = {isa = PBXBuildFile; fileRef = EEAE990019802A0000D19F1A /* 70merry_maker.png */; };
		EEAE991419802A0000D19F1A /* 70moonlight_gypsy.png in Resources */ = {isa = PBXBuildFile; fileRef = EEAE990119802A0000D19F1A /* 70moonlight_gypsy.png */; };
		EEAE991519802A0000D19F1A /* 70pillow_talk_poet.png in Resources */ = {isa = PBXBuildFile; fileRef = EEAE990219802A0000D19F1A /* 70pillow_talk_poet.png */; };
		EEAE991619802A0000D19F1A /* 70renegade_scarlet.png in Resources */ = {isa = PBXBuildFile; fileRef = EEAE990319802A0000D19F1A /* 70renegade_scarlet.png */; };
		EEAE991719802A0000D19F1A /* 70rooftop_socialite.png in Resources */ = {isa = PBXBuildFile; fileRef = EEAE990419802A0000D19F1A /* 70rooftop_socialite.png */; };
		EEAE991819802A0000D19F1A /* 70sugar_bandit.png in Resources */ = {isa = PBXBuildFile; fileRef = EEAE990519802A0000D19F1A /* 70sugar_bandit.png */; };
		EEAE991919802A0000D19F1A /* 70surf_siren.png in Resources */ = {isa = PBXBuildFile; fileRef = EEAE990619802A0000D19F1A /* 70surf_siren.png */; };
		EEAE991A19802A0000D19F1A /* 70treehouse_royal.png in Resources */ = {isa = PBXBuildFile; fileRef = EEAE990719802A0000D19F1A /* 70treehouse_royal.png */; };
		EEAE991C1980304400D19F1A /* topbar.jpg in Resources */ = {isa = PBXBuildFile; fileRef = EEAE991B1980304400D19F1A /* topbar.jpg */; };
		EEAE995F198FE6D700D19F1A /* musicPink.png in Resources */ = {isa = PBXBuildFile; fileRef = EEAE995E198FE6D700D19F1A /* musicPink.png */; };
		EEAE9961198FED7900D19F1A /* Circle1.png in Resources */ = {isa = PBXBuildFile; fileRef = EEAE9960198FED7900D19F1A /* Circle1.png */; };
		EEB5522219709144000EEDDF /* InStoreViewControllerAge.m in Sources */ = {isa = PBXBuildFile; fileRef = EEB5522019709144000EEDDF /* InStoreViewControllerAge.m */; };
		EEB5522319709144000EEDDF /* InStoreViewControllerAge.xib in Resources */ = {isa = PBXBuildFile; fileRef = EEB5522119709144000EEDDF /* InStoreViewControllerAge.xib */; };
		EECAA63D196F0372008A7E50 /* Foundation.framework in Frameworks */ = {isa = PBXBuildFile; fileRef = EECAA63C196F0372008A7E50 /* Foundation.framework */; };
		EECAA63F196F0372008A7E50 /* CoreGraphics.framework in Frameworks */ = {isa = PBXBuildFile; fileRef = EECAA63E196F0372008A7E50 /* CoreGraphics.framework */; };
		EECAA641196F0372008A7E50 /* UIKit.framework in Frameworks */ = {isa = PBXBuildFile; fileRef = EECAA640196F0372008A7E50 /* UIKit.framework */; };
		EECAA647196F0372008A7E50 /* InfoPlist.strings in Resources */ = {isa = PBXBuildFile; fileRef = EECAA645196F0372008A7E50 /* InfoPlist.strings */; };
		EECAA649196F0372008A7E50 /* main.m in Sources */ = {isa = PBXBuildFile; fileRef = EECAA648196F0372008A7E50 /* main.m */; };
		EECAA64D196F0372008A7E50 /* InStoreAppDelegate.m in Sources */ = {isa = PBXBuildFile; fileRef = EECAA64C196F0372008A7E50 /* InStoreAppDelegate.m */; };
		EECAA650196F0372008A7E50 /* Main.storyboard in Resources */ = {isa = PBXBuildFile; fileRef = EECAA64E196F0372008A7E50 /* Main.storyboard */; };
		EECAA653196F0372008A7E50 /* InStoreViewController.m in Sources */ = {isa = PBXBuildFile; fileRef = EECAA652196F0372008A7E50 /* InStoreViewController.m */; };
		EECAA655196F0372008A7E50 /* Images.xcassets in Resources */ = {isa = PBXBuildFile; fileRef = EECAA654196F0372008A7E50 /* Images.xcassets */; };
		EECAA65C196F0372008A7E50 /* XCTest.framework in Frameworks */ = {isa = PBXBuildFile; fileRef = EECAA65B196F0372008A7E50 /* XCTest.framework */; };
		EECAA65D196F0372008A7E50 /* Foundation.framework in Frameworks */ = {isa = PBXBuildFile; fileRef = EECAA63C196F0372008A7E50 /* Foundation.framework */; };
		EECAA65E196F0372008A7E50 /* UIKit.framework in Frameworks */ = {isa = PBXBuildFile; fileRef = EECAA640196F0372008A7E50 /* UIKit.framework */; };
		EECAA666196F0372008A7E50 /* InfoPlist.strings in Resources */ = {isa = PBXBuildFile; fileRef = EECAA664196F0372008A7E50 /* InfoPlist.strings */; };
		EECAA668196F0372008A7E50 /* PinroseTests.m in Sources */ = {isa = PBXBuildFile; fileRef = EECAA667196F0372008A7E50 /* PinroseTests.m */; };
		EECAA675196F0409008A7E50 /* InStoreViewControllerQuestion1.m in Sources */ = {isa = PBXBuildFile; fileRef = EECAA673196F0409008A7E50 /* InStoreViewControllerQuestion1.m */; };
		EECAA676196F0409008A7E50 /* InStoreViewControllerQuestion1.xib in Resources */ = {isa = PBXBuildFile; fileRef = EECAA674196F0409008A7E50 /* InStoreViewControllerQuestion1.xib */; };
		EECAA67F196F042A008A7E50 /* InStoreViewControllerQuestion2.m in Sources */ = {isa = PBXBuildFile; fileRef = EECAA67D196F042A008A7E50 /* InStoreViewControllerQuestion2.m */; };
		EECAA680196F042A008A7E50 /* InStoreViewControllerQuestion2.xib in Resources */ = {isa = PBXBuildFile; fileRef = EECAA67E196F042A008A7E50 /* InStoreViewControllerQuestion2.xib */; };
		EECAA682196F2907008A7E50 /* Parse.framework in Frameworks */ = {isa = PBXBuildFile; fileRef = EECAA681196F2907008A7E50 /* Parse.framework */; };
		EECAA684196F2931008A7E50 /* AudioToolbox.framework in Frameworks */ = {isa = PBXBuildFile; fileRef = EECAA683196F2931008A7E50 /* AudioToolbox.framework */; };
		EECAA686196F2939008A7E50 /* CFNetwork.framework in Frameworks */ = {isa = PBXBuildFile; fileRef = EECAA685196F2939008A7E50 /* CFNetwork.framework */; };
		EECAA688196F2946008A7E50 /* CoreLocation.framework in Frameworks */ = {isa = PBXBuildFile; fileRef = EECAA687196F2946008A7E50 /* CoreLocation.framework */; };
		EECAA68A196F2950008A7E50 /* libz.dylib in Frameworks */ = {isa = PBXBuildFile; fileRef = EECAA689196F2950008A7E50 /* libz.dylib */; };
		EECAA68C196F2958008A7E50 /* MobileCoreServices.framework in Frameworks */ = {isa = PBXBuildFile; fileRef = EECAA68B196F2958008A7E50 /* MobileCoreServices.framework */; };
		EECAA68E196F295F008A7E50 /* QuartzCore.framework in Frameworks */ = {isa = PBXBuildFile; fileRef = EECAA68D196F295F008A7E50 /* QuartzCore.framework */; };
		EECAA690196F2967008A7E50 /* Security.framework in Frameworks */ = {isa = PBXBuildFile; fileRef = EECAA68F196F2967008A7E50 /* Security.framework */; };
		EECAA692196F296E008A7E50 /* StoreKit.framework in Frameworks */ = {isa = PBXBuildFile; fileRef = EECAA691196F296E008A7E50 /* StoreKit.framework */; };
		EECAA694196F2978008A7E50 /* SystemConfiguration.framework in Frameworks */ = {isa = PBXBuildFile; fileRef = EECAA693196F2978008A7E50 /* SystemConfiguration.framework */; };
		EECAA6D3196F5033008A7E50 /* InStoreViewControllerLips.m in Sources */ = {isa = PBXBuildFile; fileRef = EECAA6D1196F5033008A7E50 /* InStoreViewControllerLips.m */; };
		EECAA6D4196F5033008A7E50 /* InStoreViewControllerLips.xib in Resources */ = {isa = PBXBuildFile; fileRef = EECAA6D2196F5033008A7E50 /* InStoreViewControllerLips.xib */; };
		EECAA6D8196F52C5008A7E50 /* InStoreViewControllerColor1.m in Sources */ = {isa = PBXBuildFile; fileRef = EECAA6D6196F52C5008A7E50 /* InStoreViewControllerColor1.m */; };
		EECAA6D9196F52C5008A7E50 /* InStoreViewControllerColor1.xib in Resources */ = {isa = PBXBuildFile; fileRef = EECAA6D7196F52C5008A7E50 /* InStoreViewControllerColor1.xib */; };
		EECAA6DD196F54AE008A7E50 /* InStoreViewControllerColor2.m in Sources */ = {isa = PBXBuildFile; fileRef = EECAA6DB196F54AE008A7E50 /* InStoreViewControllerColor2.m */; };
		EECAA6DE196F54AE008A7E50 /* InStoreViewControllerColor2.xib in Resources */ = {isa = PBXBuildFile; fileRef = EECAA6DC196F54AE008A7E50 /* InStoreViewControllerColor2.xib */; };
		EECAA6E2196F55D2008A7E50 /* InStoreViewControllerPaintings.m in Sources */ = {isa = PBXBuildFile; fileRef = EECAA6E0196F55D2008A7E50 /* InStoreViewControllerPaintings.m */; };
		EECAA6E3196F55D2008A7E50 /* InStoreViewControllerPaintings.xib in Resources */ = {isa = PBXBuildFile; fileRef = EECAA6E1196F55D2008A7E50 /* InStoreViewControllerPaintings.xib */; };
		EECAA6E7196F5847008A7E50 /* InStoreViewControllerNature.m in Sources */ = {isa = PBXBuildFile; fileRef = EECAA6E5196F5847008A7E50 /* InStoreViewControllerNature.m */; };
		EECAA6E8196F5847008A7E50 /* InStoreViewControllerNature.xib in Resources */ = {isa = PBXBuildFile; fileRef = EECAA6E6196F5847008A7E50 /* InStoreViewControllerNature.xib */; };
		EECAA6EC196F683F008A7E50 /* InStoreViewControllerSunsets.m in Sources */ = {isa = PBXBuildFile; fileRef = EECAA6EA196F683F008A7E50 /* InStoreViewControllerSunsets.m */; };
		EECAA6ED196F683F008A7E50 /* InStoreViewControllerSunsets.xib in Resources */ = {isa = PBXBuildFile; fileRef = EECAA6EB196F683F008A7E50 /* InStoreViewControllerSunsets.xib */; };
		EECAA6F1196F68F9008A7E50 /* InStoreViewControllerAnimals.m in Sources */ = {isa = PBXBuildFile; fileRef = EECAA6EF196F68F9008A7E50 /* InStoreViewControllerAnimals.m */; };
		EECAA6F2196F68F9008A7E50 /* InStoreViewControllerAnimals.xib in Resources */ = {isa = PBXBuildFile; fileRef = EECAA6F0196F68F9008A7E50 /* InStoreViewControllerAnimals.xib */; };
		EECAA6F6196F6A80008A7E50 /* InStoreViewControllerBathroom.m in Sources */ = {isa = PBXBuildFile; fileRef = EECAA6F4196F6A80008A7E50 /* InStoreViewControllerBathroom.m */; };
		EECAA6F7196F6A80008A7E50 /* InStoreViewControllerBathroom.xib in Resources */ = {isa = PBXBuildFile; fileRef = EECAA6F5196F6A80008A7E50 /* InStoreViewControllerBathroom.xib */; };
		EECAA6FB196F6C2D008A7E50 /* InStoreViewControllerZebra.m in Sources */ = {isa = PBXBuildFile; fileRef = EECAA6F9196F6C2D008A7E50 /* InStoreViewControllerZebra.m */; };
		EECAA6FC196F6C2D008A7E50 /* InStoreViewControllerZebra.xib in Resources */ = {isa = PBXBuildFile; fileRef = EECAA6FA196F6C2D008A7E50 /* InStoreViewControllerZebra.xib */; };
		EECAA700196F6C3F008A7E50 /* InStoreViewControllerTextures.m in Sources */ = {isa = PBXBuildFile; fileRef = EECAA6FE196F6C3F008A7E50 /* InStoreViewControllerTextures.m */; };
		EECAA701196F6C3F008A7E50 /* InStoreViewControllerTextures.xib in Resources */ = {isa = PBXBuildFile; fileRef = EECAA6FF196F6C3F008A7E50 /* InStoreViewControllerTextures.xib */; };
/* End PBXBuildFile section */

/* Begin PBXContainerItemProxy section */
		EECAA65F196F0372008A7E50 /* PBXContainerItemProxy */ = {
			isa = PBXContainerItemProxy;
			containerPortal = EECAA631196F0372008A7E50 /* Project object */;
			proxyType = 1;
			remoteGlobalIDString = EECAA638196F0372008A7E50;
			remoteInfo = Pinrose;
		};
/* End PBXContainerItemProxy section */

/* Begin PBXFileReference section */
		EE47E4B8197DBA9F005DC12D /* InStoreViewControllerHomePage.h */ = {isa = PBXFileReference; fileEncoding = 4; lastKnownFileType = sourcecode.c.h; name = InStoreViewControllerHomePage.h; path = ../InStoreViewControllerHomePage.h; sourceTree = "<group>"; };
		EE47E4B9197DBA9F005DC12D /* InStoreViewControllerHomePage.m */ = {isa = PBXFileReference; fileEncoding = 4; lastKnownFileType = sourcecode.c.objc; name = InStoreViewControllerHomePage.m; path = ../InStoreViewControllerHomePage.m; sourceTree = "<group>"; };
		EE47E4BA197DBA9F005DC12D /* InStoreViewControllerHomePage.xib */ = {isa = PBXFileReference; fileEncoding = 4; lastKnownFileType = file.xib; name = InStoreViewControllerHomePage.xib; path = ../InStoreViewControllerHomePage.xib; sourceTree = "<group>"; };
		EE47E4BD197DBD48005DC12D /* InStoreViewControllerDontThink.h */ = {isa = PBXFileReference; fileEncoding = 4; lastKnownFileType = sourcecode.c.h; name = InStoreViewControllerDontThink.h; path = ../InStoreViewControllerDontThink.h; sourceTree = "<group>"; };
		EE47E4BE197DBD48005DC12D /* InStoreViewControllerDontThink.m */ = {isa = PBXFileReference; fileEncoding = 4; lastKnownFileType = sourcecode.c.objc; name = InStoreViewControllerDontThink.m; path = ../InStoreViewControllerDontThink.m; sourceTree = "<group>"; };
		EE47E4BF197DBD48005DC12D /* InStoreViewControllerDontThink.xib */ = {isa = PBXFileReference; fileEncoding = 4; lastKnownFileType = file.xib; name = InStoreViewControllerDontThink.xib; path = ../InStoreViewControllerDontThink.xib; sourceTree = "<group>"; };
		EE47E4C2197ECD02005DC12D /* InStoreSession.h */ = {isa = PBXFileReference; fileEncoding = 4; lastKnownFileType = sourcecode.c.h; path = InStoreSession.h; sourceTree = "<group>"; };
		EE47E4C3197ECD02005DC12D /* InStoreSession.m */ = {isa = PBXFileReference; fileEncoding = 4; lastKnownFileType = sourcecode.c.objc; path = InStoreSession.m; sourceTree = "<group>"; };
		EE47E4C5197ED220005DC12D /* 2 new.jpg */ = {isa = PBXFileReference; lastKnownFileType = image.jpeg; path = "2 new.jpg"; sourceTree = "<group>"; };
		EE47E4C6197ED220005DC12D /* 1 new.jpg */ = {isa = PBXFileReference; lastKnownFileType = image.jpeg; path = "1 new.jpg"; sourceTree = "<group>"; };
		EE47E4C7197ED220005DC12D /* 3 new.jpg */ = {isa = PBXFileReference; lastKnownFileType = image.jpeg; path = "3 new.jpg"; sourceTree = "<group>"; };
		EE47E4C8197ED220005DC12D /* lips final.jpg */ = {isa = PBXFileReference; lastKnownFileType = image.jpeg; path = "lips final.jpg"; sourceTree = "<group>"; };
		EE47E4C9197ED220005DC12D /* home.jpg */ = {isa = PBXFileReference; lastKnownFileType = image.jpeg; path = home.jpg; sourceTree = "<group>"; };
		EE47E4CF197ED31B005DC12D /* home (1).png */ = {isa = PBXFileReference; lastKnownFileType = image.png; path = "home (1).png"; sourceTree = "<group>"; };
		EE47E4D1197EDEBE005DC12D /* zebra2 (1).jpg */ = {isa = PBXFileReference; lastKnownFileType = image.jpeg; path = "zebra2 (1).jpg"; sourceTree = "<group>"; };
		EE9B6398197475FA00AD9BDB /* AudioController.h */ = {isa = PBXFileReference; fileEncoding = 4; lastKnownFileType = sourcecode.c.h; path = AudioController.h; sourceTree = "<group>"; };
		EE9B6399197475FA00AD9BDB /* AudioController.m */ = {isa = PBXFileReference; fileEncoding = 4; lastKnownFileType = sourcecode.c.objc; path = AudioController.m; sourceTree = "<group>"; };
		EE9B63A0197492DA00AD9BDB /* Beat1.aif */ = {isa = PBXFileReference; lastKnownFileType = file; name = Beat1.aif; path = "../../../../../Music/iTunes/iTunes Media/Music/Erika Shumate/Erika Shumate's Album/Beat1.aif"; sourceTree = "<group>"; };
		EE9B63A1197492DA00AD9BDB /* high hat strut.aif */ = {isa = PBXFileReference; lastKnownFileType = file; name = "high hat strut.aif"; path = "../../../../../Music/iTunes/iTunes Media/Music/Erika Shumate/Erika Shumate's Album/high hat strut.aif"; sourceTree = "<group>"; };
		EE9B63A2197492DA00AD9BDB /* southern rock.aif */ = {isa = PBXFileReference; lastKnownFileType = file; name = "southern rock.aif"; path = "../../../../../Music/iTunes/iTunes Media/Music/Erika Shumate/Erika Shumate's Album/southern rock.aif"; sourceTree = "<group>"; };
		EE9B64361979954E00AD9BDB /* InStoreViewControllerHome.h */ = {isa = PBXFileReference; fileEncoding = 4; lastKnownFileType = sourcecode.c.h; path = InStoreViewControllerHome.h; sourceTree = "<group>"; };
		EE9B64371979954E00AD9BDB /* InStoreViewControllerHome.m */ = {isa = PBXFileReference; fileEncoding = 4; lastKnownFileType = sourcecode.c.objc; path = InStoreViewControllerHome.m; sourceTree = "<group>"; };
		EE9B64391979C8EB00AD9BDB /* InStoreAppTimer.h */ = {isa = PBXFileReference; fileEncoding = 4; lastKnownFileType = sourcecode.c.h; path = InStoreAppTimer.h; sourceTree = "<group>"; };
		EE9B643A1979C8EB00AD9BDB /* InStoreAppTimer.m */ = {isa = PBXFileReference; fileEncoding = 4; lastKnownFileType = sourcecode.c.objc; path = InStoreAppTimer.m; sourceTree = "<group>"; };
		EE9B643E1979E4B800AD9BDB /* Circle 2.jpeg */ = {isa = PBXFileReference; lastKnownFileType = image.jpeg; path = "Circle 2.jpeg"; sourceTree = "<group>"; };
		EE9B64401979E4BF00AD9BDB /* Circle 3.jpeg */ = {isa = PBXFileReference; lastKnownFileType = image.jpeg; path = "Circle 3.jpeg"; sourceTree = "<group>"; };
		EE9B64421979F78A00AD9BDB /* zebra 1.jpg */ = {isa = PBXFileReference; lastKnownFileType = image.jpeg; path = "zebra 1.jpg"; sourceTree = "<group>"; };
		EE9B64431979F78A00AD9BDB /* zebra2.jpg */ = {isa = PBXFileReference; lastKnownFileType = image.jpeg; path = zebra2.jpg; sourceTree = "<group>"; };
		EE9B64441979F78A00AD9BDB /* Texture3.jpg */ = {isa = PBXFileReference; lastKnownFileType = image.jpeg; path = Texture3.jpg; sourceTree = "<group>"; };
		EE9B64451979F78A00AD9BDB /* Texture2.jpg */ = {isa = PBXFileReference; lastKnownFileType = image.jpeg; path = Texture2.jpg; sourceTree = "<group>"; };
		EE9B64461979F78A00AD9BDB /* Texture1.jpg */ = {isa = PBXFileReference; lastKnownFileType = image.jpeg; path = Texture1.jpg; sourceTree = "<group>"; };
		EE9B64471979F78A00AD9BDB /* Sunset2.jpg */ = {isa = PBXFileReference; lastKnownFileType = image.jpeg; path = Sunset2.jpg; sourceTree = "<group>"; };
		EE9B64481979F78A00AD9BDB /* Sunset1.jpg */ = {isa = PBXFileReference; lastKnownFileType = image.jpeg; path = Sunset1.jpg; sourceTree = "<group>"; };
		EE9B64491979F78A00AD9BDB /* Shape 2.jpg */ = {isa = PBXFileReference; lastKnownFileType = image.jpeg; path = "Shape 2.jpg"; sourceTree = "<group>"; };
		EE9B644A1979F78A00AD9BDB /* Shape 1.jpg */ = {isa = PBXFileReference; lastKnownFileType = image.jpeg; path = "Shape 1.jpg"; sourceTree = "<group>"; };
		EE9B644B1979F78A00AD9BDB /* Lips4.jpg */ = {isa = PBXFileReference; lastKnownFileType = image.jpeg; path = Lips4.jpg; sourceTree = "<group>"; };
		EE9B644C1979F78A00AD9BDB /* Lips3.jpg */ = {isa = PBXFileReference; lastKnownFileType = image.jpeg; path = Lips3.jpg; sourceTree = "<group>"; };
		EE9B644D1979F78A00AD9BDB /* Lips2.jpg */ = {isa = PBXFileReference; lastKnownFileType = image.jpeg; path = Lips2.jpg; sourceTree = "<group>"; };
		EE9B644E1979F78A00AD9BDB /* Lips1.pdf */ = {isa = PBXFileReference; lastKnownFileType = image.pdf; path = Lips1.pdf; sourceTree = "<group>"; };
		EE9B644F1979F78A00AD9BDB /* Flower2.jpg */ = {isa = PBXFileReference; lastKnownFileType = image.jpeg; path = Flower2.jpg; sourceTree = "<group>"; };
		EE9B64501979F78A00AD9BDB /* Flower1.jpg */ = {isa = PBXFileReference; lastKnownFileType = image.jpeg; path = Flower1.jpg; sourceTree = "<group>"; };
		EE9B64511979F78A00AD9BDB /* Color3.jpg */ = {isa = PBXFileReference; lastKnownFileType = image.jpeg; path = Color3.jpg; sourceTree = "<group>"; };
		EE9B64521979F78A00AD9BDB /* Color2.jpg */ = {isa = PBXFileReference; lastKnownFileType = image.jpeg; path = Color2.jpg; sourceTree = "<group>"; };
		EE9B64531979F78A00AD9BDB /* Color1.jpg */ = {isa = PBXFileReference; lastKnownFileType = image.jpeg; path = Color1.jpg; sourceTree = "<group>"; };
		EE9B64551979F78A00AD9BDB /* Car 4.jpg */ = {isa = PBXFileReference; lastKnownFileType = image.jpeg; path = "Car 4.jpg"; sourceTree = "<group>"; };
		EE9B64561979F78A00AD9BDB /* Car 3.jpg */ = {isa = PBXFileReference; lastKnownFileType = image.jpeg; path = "Car 3.jpg"; sourceTree = "<group>"; };
		EE9B64571979F78A00AD9BDB /* Car 2.jpg */ = {isa = PBXFileReference; lastKnownFileType = image.jpeg; path = "Car 2.jpg"; sourceTree = "<group>"; };
		EE9B64581979F78A00AD9BDB /* Car 1.jpg */ = {isa = PBXFileReference; lastKnownFileType = image.jpeg; path = "Car 1.jpg"; sourceTree = "<group>"; };
		EE9B64591979F78A00AD9BDB /* bathroom 3.jpg */ = {isa = PBXFileReference; lastKnownFileType = image.jpeg; path = "bathroom 3.jpg"; sourceTree = "<group>"; };
		EE9B645A1979F78A00AD9BDB /* bathroom 1.jpg */ = {isa = PBXFileReference; lastKnownFileType = image.jpeg; path = "bathroom 1.jpg"; sourceTree = "<group>"; };
		EE9B645B1979F78A00AD9BDB /* Bathroom4.jpg */ = {isa = PBXFileReference; lastKnownFileType = image.jpeg; path = Bathroom4.jpg; sourceTree = "<group>"; };
		EE9B645C1979F78A00AD9BDB /* Bathroom2.jpg */ = {isa = PBXFileReference; lastKnownFileType = image.jpeg; path = Bathroom2.jpg; sourceTree = "<group>"; };
		EE9B645D1979F78A00AD9BDB /* Background3.jpg */ = {isa = PBXFileReference; lastKnownFileType = image.jpeg; path = Background3.jpg; sourceTree = "<group>"; };
		EE9B645E1979F78A00AD9BDB /* Background2.jpg */ = {isa = PBXFileReference; lastKnownFileType = image.jpeg; path = Background2.jpg; sourceTree = "<group>"; };
		EE9B645F1979F78A00AD9BDB /* Background1.jpg */ = {isa = PBXFileReference; lastKnownFileType = image.jpeg; path = Background1.jpg; sourceTree = "<group>"; };
		EE9B64601979F78A00AD9BDB /* Art 1.jpg */ = {isa = PBXFileReference; lastKnownFileType = image.jpeg; path = "Art 1.jpg"; sourceTree = "<group>"; };
		EE9B64611979F78A00AD9BDB /* Art2.jpg */ = {isa = PBXFileReference; lastKnownFileType = image.jpeg; path = Art2.jpg; sourceTree = "<group>"; };
		EE9B64621979F78A00AD9BDB /* Animal3.jpg */ = {isa = PBXFileReference; lastKnownFileType = image.jpeg; path = Animal3.jpg; sourceTree = "<group>"; };
		EE9B64631979F78A00AD9BDB /* Animal2.jpg */ = {isa = PBXFileReference; lastKnownFileType = image.jpeg; path = Animal2.jpg; sourceTree = "<group>"; };
		EE9B64641979F78A00AD9BDB /* Animal1.jpg */ = {isa = PBXFileReference; lastKnownFileType = image.jpeg; path = Animal1.jpg; sourceTree = "<group>"; };
		EE9B6488197AEB0900AD9BDB /* Lips1.jpg */ = {isa = PBXFileReference; lastKnownFileType = image.jpeg; path = Lips1.jpg; sourceTree = "<group>"; };
		EE9B648A197AFB2700AD9BDB /* progress12.jpg */ = {isa = PBXFileReference; lastKnownFileType = image.jpeg; path = progress12.jpg; sourceTree = "<group>"; };
		EE9B648B197AFB2700AD9BDB /* progress11.jpg */ = {isa = PBXFileReference; lastKnownFileType = image.jpeg; path = progress11.jpg; sourceTree = "<group>"; };
		EE9B648C197AFB2700AD9BDB /* progress10.jpg */ = {isa = PBXFileReference; lastKnownFileType = image.jpeg; path = progress10.jpg; sourceTree = "<group>"; };
		EE9B648D197AFB2700AD9BDB /* progress9.jpg */ = {isa = PBXFileReference; lastKnownFileType = image.jpeg; path = progress9.jpg; sourceTree = "<group>"; };
		EE9B648E197AFB2700AD9BDB /* progress8.jpg */ = {isa = PBXFileReference; lastKnownFileType = image.jpeg; path = progress8.jpg; sourceTree = "<group>"; };
		EE9B648F197AFB2700AD9BDB /* progress7.jpg */ = {isa = PBXFileReference; lastKnownFileType = image.jpeg; path = progress7.jpg; sourceTree = "<group>"; };
		EE9B6490197AFB2700AD9BDB /* progress6.jpg */ = {isa = PBXFileReference; lastKnownFileType = image.jpeg; path = progress6.jpg; sourceTree = "<group>"; };
		EE9B6491197AFB2700AD9BDB /* progress5.jpg */ = {isa = PBXFileReference; lastKnownFileType = image.jpeg; path = progress5.jpg; sourceTree = "<group>"; };
		EE9B6492197AFB2700AD9BDB /* progress4.jpg */ = {isa = PBXFileReference; lastKnownFileType = image.jpeg; path = progress4.jpg; sourceTree = "<group>"; };
		EEAE98BE1980110900D19F1A /* ReturnOne.h */ = {isa = PBXFileReference; fileEncoding = 4; lastKnownFileType = sourcecode.c.h; path = ReturnOne.h; sourceTree = "<group>"; };
		EEAE98BF1980110900D19F1A /* ReturnOne.m */ = {isa = PBXFileReference; fileEncoding = 4; lastKnownFileType = sourcecode.c.objc; path = ReturnOne.m; sourceTree = "<group>"; };
		EEAE98C01980110900D19F1A /* ReturnOne.xib */ = {isa = PBXFileReference; fileEncoding = 4; lastKnownFileType = file.xib; path = ReturnOne.xib; sourceTree = "<group>"; };
		EEAE98C3198014B100D19F1A /* ReturnTwo.h */ = {isa = PBXFileReference; fileEncoding = 4; lastKnownFileType = sourcecode.c.h; path = ReturnTwo.h; sourceTree = "<group>"; };
		EEAE98C4198014B100D19F1A /* ReturnTwo.m */ = {isa = PBXFileReference; fileEncoding = 4; lastKnownFileType = sourcecode.c.objc; path = ReturnTwo.m; sourceTree = "<group>"; };
		EEAE98C5198014B100D19F1A /* ReturnTwo.xib */ = {isa = PBXFileReference; fileEncoding = 4; lastKnownFileType = file.xib; path = ReturnTwo.xib; sourceTree = "<group>"; };
		EEAE98C8198014BB00D19F1A /* ReturnThree.h */ = {isa = PBXFileReference; fileEncoding = 4; lastKnownFileType = sourcecode.c.h; path = ReturnThree.h; sourceTree = "<group>"; };
		EEAE98C9198014BB00D19F1A /* ReturnThree.m */ = {isa = PBXFileReference; fileEncoding = 4; lastKnownFileType = sourcecode.c.objc; path = ReturnThree.m; sourceTree = "<group>"; };
		EEAE98CA198014BB00D19F1A /* ReturnThree.xib */ = {isa = PBXFileReference; fileEncoding = 4; lastKnownFileType = file.xib; path = ReturnThree.xib; sourceTree = "<group>"; };
		EEAE98CD198014C700D19F1A /* ReturnFour.h */ = {isa = PBXFileReference; fileEncoding = 4; lastKnownFileType = sourcecode.c.h; path = ReturnFour.h; sourceTree = "<group>"; };
		EEAE98CE198014C700D19F1A /* ReturnFour.m */ = {isa = PBXFileReference; fileEncoding = 4; lastKnownFileType = sourcecode.c.objc; path = ReturnFour.m; sourceTree = "<group>"; };
		EEAE98CF198014C700D19F1A /* ReturnFour.xib */ = {isa = PBXFileReference; fileEncoding = 4; lastKnownFileType = file.xib; path = ReturnFour.xib; sourceTree = "<group>"; };
		EEAE98D2198014DD00D19F1A /* ReturnFive.h */ = {isa = PBXFileReference; fileEncoding = 4; lastKnownFileType = sourcecode.c.h; path = ReturnFive.h; sourceTree = "<group>"; };
		EEAE98D3198014DD00D19F1A /* ReturnFive.m */ = {isa = PBXFileReference; fileEncoding = 4; lastKnownFileType = sourcecode.c.objc; path = ReturnFive.m; sourceTree = "<group>"; };
		EEAE98D4198014DD00D19F1A /* ReturnFive.xib */ = {isa = PBXFileReference; fileEncoding = 4; lastKnownFileType = file.xib; path = ReturnFive.xib; sourceTree = "<group>"; };
		EEAE98D7198014E700D19F1A /* ReturnSix.h */ = {isa = PBXFileReference; fileEncoding = 4; lastKnownFileType = sourcecode.c.h; path = ReturnSix.h; sourceTree = "<group>"; };
		EEAE98D8198014E700D19F1A /* ReturnSix.m */ = {isa = PBXFileReference; fileEncoding = 4; lastKnownFileType = sourcecode.c.objc; path = ReturnSix.m; sourceTree = "<group>"; };
		EEAE98D9198014E700D19F1A /* ReturnSix.xib */ = {isa = PBXFileReference; fileEncoding = 4; lastKnownFileType = file.xib; path = ReturnSix.xib; sourceTree = "<group>"; };
		EEAE98DC198014F100D19F1A /* ReturnSeven.h */ = {isa = PBXFileReference; fileEncoding = 4; lastKnownFileType = sourcecode.c.h; path = ReturnSeven.h; sourceTree = "<group>"; };
		EEAE98DD198014F100D19F1A /* ReturnSeven.m */ = {isa = PBXFileReference; fileEncoding = 4; lastKnownFileType = sourcecode.c.objc; path = ReturnSeven.m; sourceTree = "<group>"; };
		EEAE98DE198014F100D19F1A /* ReturnSeven.xib */ = {isa = PBXFileReference; fileEncoding = 4; lastKnownFileType = file.xib; path = ReturnSeven.xib; sourceTree = "<group>"; };
		EEAE98E1198014FC00D19F1A /* ReturnEight.h */ = {isa = PBXFileReference; fileEncoding = 4; lastKnownFileType = sourcecode.c.h; path = ReturnEight.h; sourceTree = "<group>"; };
		EEAE98E2198014FC00D19F1A /* ReturnEight.m */ = {isa = PBXFileReference; fileEncoding = 4; lastKnownFileType = sourcecode.c.objc; path = ReturnEight.m; sourceTree = "<group>"; };
		EEAE98E3198014FC00D19F1A /* ReturnEight.xib */ = {isa = PBXFileReference; fileEncoding = 4; lastKnownFileType = file.xib; path = ReturnEight.xib; sourceTree = "<group>"; };
		EEAE98E61980150500D19F1A /* ReturnNine.h */ = {isa = PBXFileReference; fileEncoding = 4; lastKnownFileType = sourcecode.c.h; path = ReturnNine.h; sourceTree = "<group>"; };
		EEAE98E71980150500D19F1A /* ReturnNine.m */ = {isa = PBXFileReference; fileEncoding = 4; lastKnownFileType = sourcecode.c.objc; path = ReturnNine.m; sourceTree = "<group>"; };
		EEAE98E81980150600D19F1A /* ReturnNine.xib */ = {isa = PBXFileReference; fileEncoding = 4; lastKnownFileType = file.xib; path = ReturnNine.xib; sourceTree = "<group>"; };
		EEAE98EB1980150F00D19F1A /* ReturnTen.h */ = {isa = PBXFileReference; fileEncoding = 4; lastKnownFileType = sourcecode.c.h; path = ReturnTen.h; sourceTree = "<group>"; };
		EEAE98EC1980150F00D19F1A /* ReturnTen.m */ = {isa = PBXFileReference; fileEncoding = 4; lastKnownFileType = sourcecode.c.objc; path = ReturnTen.m; sourceTree = "<group>"; };
		EEAE98ED1980150F00D19F1A /* ReturnTen.xib */ = {isa = PBXFileReference; fileEncoding = 4; lastKnownFileType = file.xib; path = ReturnTen.xib; sourceTree = "<group>"; };
		EEAE98F01980151900D19F1A /* ReturnEleven.h */ = {isa = PBXFileReference; fileEncoding = 4; lastKnownFileType = sourcecode.c.h; path = ReturnEleven.h; sourceTree = "<group>"; };
		EEAE98F11980151900D19F1A /* ReturnEleven.m */ = {isa = PBXFileReference; fileEncoding = 4; lastKnownFileType = sourcecode.c.objc; path = ReturnEleven.m; sourceTree = "<group>"; };
		EEAE98F21980151900D19F1A /* ReturnEleven.xib */ = {isa = PBXFileReference; fileEncoding = 4; lastKnownFileType = file.xib; path = ReturnEleven.xib; sourceTree = "<group>"; };
		EEAE98F519802A0000D19F1A /* 30ballroom_philosopher.png */ = {isa = PBXFileReference; lastKnownFileType = image.png; path = 30ballroom_philosopher.png; sourceTree = "<group>"; };
		EEAE98F619802A0000D19F1A /* 30campfire_rebel.png */ = {isa = PBXFileReference; lastKnownFileType = image.png; path = 30campfire_rebel.png; sourceTree = "<group>"; };
		EEAE98F719802A0000D19F1A /* 30merry_maker.png */ = {isa = PBXFileReference; lastKnownFileType = image.png; path = 30merry_maker.png; sourceTree = "<group>"; };
		EEAE98F819802A0000D19F1A /* 30moonlight_gypsy.png */ = {isa = PBXFileReference; lastKnownFileType = image.png; path = 30moonlight_gypsy.png; sourceTree = "<group>"; };
		EEAE98F919802A0000D19F1A /* 30renegade_scarlet.png */ = {isa = PBXFileReference; lastKnownFileType = image.png; path = 30renegade_scarlet.png; sourceTree = "<group>"; };
		EEAE98FA19802A0000D19F1A /* 30rooftop_socialite.png */ = {isa = PBXFileReference; lastKnownFileType = image.png; path = 30rooftop_socialite.png; sourceTree = "<group>"; };
		EEAE98FB19802A0000D19F1A /* 30sugar_bandit.png */ = {isa = PBXFileReference; lastKnownFileType = image.png; path = 30sugar_bandit.png; sourceTree = "<group>"; };
		EEAE98FC19802A0000D19F1A /* 30surf_siren.png */ = {isa = PBXFileReference; lastKnownFileType = image.png; path = 30surf_siren.png; sourceTree = "<group>"; };
		EEAE98FD19802A0000D19F1A /* 30treehouse_royal.png */ = {isa = PBXFileReference; lastKnownFileType = image.png; path = 30treehouse_royal.png; sourceTree = "<group>"; };
		EEAE98FE19802A0000D19F1A /* 70ballroom_philosopher.png */ = {isa = PBXFileReference; lastKnownFileType = image.png; path = 70ballroom_philosopher.png; sourceTree = "<group>"; };
		EEAE98FF19802A0000D19F1A /* 70campfire_rebel.png */ = {isa = PBXFileReference; lastKnownFileType = image.png; path = 70campfire_rebel.png; sourceTree = "<group>"; };
		EEAE990019802A0000D19F1A /* 70merry_maker.png */ = {isa = PBXFileReference; lastKnownFileType = image.png; path = 70merry_maker.png; sourceTree = "<group>"; };
		EEAE990119802A0000D19F1A /* 70moonlight_gypsy.png */ = {isa = PBXFileReference; lastKnownFileType = image.png; path = 70moonlight_gypsy.png; sourceTree = "<group>"; };
		EEAE990219802A0000D19F1A /* 70pillow_talk_poet.png */ = {isa = PBXFileReference; lastKnownFileType = image.png; path = 70pillow_talk_poet.png; sourceTree = "<group>"; };
		EEAE990319802A0000D19F1A /* 70renegade_scarlet.png */ = {isa = PBXFileReference; lastKnownFileType = image.png; path = 70renegade_scarlet.png; sourceTree = "<group>"; };
		EEAE990419802A0000D19F1A /* 70rooftop_socialite.png */ = {isa = PBXFileReference; lastKnownFileType = image.png; path = 70rooftop_socialite.png; sourceTree = "<group>"; };
		EEAE990519802A0000D19F1A /* 70sugar_bandit.png */ = {isa = PBXFileReference; lastKnownFileType = image.png; path = 70sugar_bandit.png; sourceTree = "<group>"; };
		EEAE990619802A0000D19F1A /* 70surf_siren.png */ = {isa = PBXFileReference; lastKnownFileType = image.png; path = 70surf_siren.png; sourceTree = "<group>"; };
		EEAE990719802A0000D19F1A /* 70treehouse_royal.png */ = {isa = PBXFileReference; lastKnownFileType = image.png; path = 70treehouse_royal.png; sourceTree = "<group>"; };
		EEAE991B1980304400D19F1A /* topbar.jpg */ = {isa = PBXFileReference; lastKnownFileType = image.jpeg; path = topbar.jpg; sourceTree = "<group>"; };
		EEAE995E198FE6D700D19F1A /* musicPink.png */ = {isa = PBXFileReference; lastKnownFileType = image.png; path = musicPink.png; sourceTree = "<group>"; };
		EEAE9960198FED7900D19F1A /* Circle1.png */ = {isa = PBXFileReference; lastKnownFileType = image.png; path = Circle1.png; sourceTree = "<group>"; };
		EEB5521F19709144000EEDDF /* InStoreViewControllerAge.h */ = {isa = PBXFileReference; fileEncoding = 4; lastKnownFileType = sourcecode.c.h; path = InStoreViewControllerAge.h; sourceTree = "<group>"; };
		EEB5522019709144000EEDDF /* InStoreViewControllerAge.m */ = {isa = PBXFileReference; fileEncoding = 4; lastKnownFileType = sourcecode.c.objc; path = InStoreViewControllerAge.m; sourceTree = "<group>"; };
		EEB5522119709144000EEDDF /* InStoreViewControllerAge.xib */ = {isa = PBXFileReference; fileEncoding = 4; lastKnownFileType = file.xib; path = InStoreViewControllerAge.xib; sourceTree = "<group>"; };
		EECAA639196F0372008A7E50 /* Pinrose.app */ = {isa = PBXFileReference; explicitFileType = wrapper.application; includeInIndex = 0; path = Pinrose.app; sourceTree = BUILT_PRODUCTS_DIR; };
		EECAA63C196F0372008A7E50 /* Foundation.framework */ = {isa = PBXFileReference; lastKnownFileType = wrapper.framework; name = Foundation.framework; path = System/Library/Frameworks/Foundation.framework; sourceTree = SDKROOT; };
		EECAA63E196F0372008A7E50 /* CoreGraphics.framework */ = {isa = PBXFileReference; lastKnownFileType = wrapper.framework; name = CoreGraphics.framework; path = System/Library/Frameworks/CoreGraphics.framework; sourceTree = SDKROOT; };
		EECAA640196F0372008A7E50 /* UIKit.framework */ = {isa = PBXFileReference; lastKnownFileType = wrapper.framework; name = UIKit.framework; path = System/Library/Frameworks/UIKit.framework; sourceTree = SDKROOT; };
		EECAA644196F0372008A7E50 /* Pinrose-Info.plist */ = {isa = PBXFileReference; lastKnownFileType = text.plist.xml; path = "Pinrose-Info.plist"; sourceTree = "<group>"; };
		EECAA646196F0372008A7E50 /* en */ = {isa = PBXFileReference; lastKnownFileType = text.plist.strings; name = en; path = en.lproj/InfoPlist.strings; sourceTree = "<group>"; };
		EECAA648196F0372008A7E50 /* main.m */ = {isa = PBXFileReference; lastKnownFileType = sourcecode.c.objc; path = main.m; sourceTree = "<group>"; };
		EECAA64A196F0372008A7E50 /* Pinrose-Prefix.pch */ = {isa = PBXFileReference; lastKnownFileType = sourcecode.c.h; path = "Pinrose-Prefix.pch"; sourceTree = "<group>"; };
		EECAA64B196F0372008A7E50 /* InStoreAppDelegate.h */ = {isa = PBXFileReference; lastKnownFileType = sourcecode.c.h; path = InStoreAppDelegate.h; sourceTree = "<group>"; };
		EECAA64C196F0372008A7E50 /* InStoreAppDelegate.m */ = {isa = PBXFileReference; lastKnownFileType = sourcecode.c.objc; path = InStoreAppDelegate.m; sourceTree = "<group>"; };
		EECAA64F196F0372008A7E50 /* Base */ = {isa = PBXFileReference; lastKnownFileType = file.storyboard; name = Base; path = Base.lproj/Main.storyboard; sourceTree = "<group>"; };
		EECAA651196F0372008A7E50 /* InStoreViewController.h */ = {isa = PBXFileReference; lastKnownFileType = sourcecode.c.h; path = InStoreViewController.h; sourceTree = "<group>"; };
		EECAA652196F0372008A7E50 /* InStoreViewController.m */ = {isa = PBXFileReference; lastKnownFileType = sourcecode.c.objc; path = InStoreViewController.m; sourceTree = "<group>"; };
		EECAA654196F0372008A7E50 /* Images.xcassets */ = {isa = PBXFileReference; lastKnownFileType = folder.assetcatalog; path = Images.xcassets; sourceTree = "<group>"; };
		EECAA65A196F0372008A7E50 /* PinroseTests.xctest */ = {isa = PBXFileReference; explicitFileType = wrapper.cfbundle; includeInIndex = 0; path = PinroseTests.xctest; sourceTree = BUILT_PRODUCTS_DIR; };
		EECAA65B196F0372008A7E50 /* XCTest.framework */ = {isa = PBXFileReference; lastKnownFileType = wrapper.framework; name = XCTest.framework; path = Library/Frameworks/XCTest.framework; sourceTree = DEVELOPER_DIR; };
		EECAA663196F0372008A7E50 /* PinroseTests-Info.plist */ = {isa = PBXFileReference; lastKnownFileType = text.plist.xml; path = "PinroseTests-Info.plist"; sourceTree = "<group>"; };
		EECAA665196F0372008A7E50 /* en */ = {isa = PBXFileReference; lastKnownFileType = text.plist.strings; name = en; path = en.lproj/InfoPlist.strings; sourceTree = "<group>"; };
		EECAA667196F0372008A7E50 /* PinroseTests.m */ = {isa = PBXFileReference; lastKnownFileType = sourcecode.c.objc; path = PinroseTests.m; sourceTree = "<group>"; };
		EECAA672196F0409008A7E50 /* InStoreViewControllerQuestion1.h */ = {isa = PBXFileReference; fileEncoding = 4; lastKnownFileType = sourcecode.c.h; path = InStoreViewControllerQuestion1.h; sourceTree = "<group>"; };
		EECAA673196F0409008A7E50 /* InStoreViewControllerQuestion1.m */ = {isa = PBXFileReference; fileEncoding = 4; lastKnownFileType = sourcecode.c.objc; path = InStoreViewControllerQuestion1.m; sourceTree = "<group>"; };
		EECAA674196F0409008A7E50 /* InStoreViewControllerQuestion1.xib */ = {isa = PBXFileReference; fileEncoding = 4; lastKnownFileType = file.xib; path = InStoreViewControllerQuestion1.xib; sourceTree = "<group>"; };
		EECAA67C196F042A008A7E50 /* InStoreViewControllerQuestion2.h */ = {isa = PBXFileReference; fileEncoding = 4; lastKnownFileType = sourcecode.c.h; path = InStoreViewControllerQuestion2.h; sourceTree = "<group>"; };
		EECAA67D196F042A008A7E50 /* InStoreViewControllerQuestion2.m */ = {isa = PBXFileReference; fileEncoding = 4; lastKnownFileType = sourcecode.c.objc; path = InStoreViewControllerQuestion2.m; sourceTree = "<group>"; };
		EECAA67E196F042A008A7E50 /* InStoreViewControllerQuestion2.xib */ = {isa = PBXFileReference; fileEncoding = 4; lastKnownFileType = file.xib; path = InStoreViewControllerQuestion2.xib; sourceTree = "<group>"; };
		EECAA681196F2907008A7E50 /* Parse.framework */ = {isa = PBXFileReference; lastKnownFileType = wrapper.framework; path = Parse.framework; sourceTree = "<group>"; };
		EECAA683196F2931008A7E50 /* AudioToolbox.framework */ = {isa = PBXFileReference; lastKnownFileType = wrapper.framework; name = AudioToolbox.framework; path = System/Library/Frameworks/AudioToolbox.framework; sourceTree = SDKROOT; };
		EECAA685196F2939008A7E50 /* CFNetwork.framework */ = {isa = PBXFileReference; lastKnownFileType = wrapper.framework; name = CFNetwork.framework; path = System/Library/Frameworks/CFNetwork.framework; sourceTree = SDKROOT; };
		EECAA687196F2946008A7E50 /* CoreLocation.framework */ = {isa = PBXFileReference; lastKnownFileType = wrapper.framework; name = CoreLocation.framework; path = System/Library/Frameworks/CoreLocation.framework; sourceTree = SDKROOT; };
		EECAA689196F2950008A7E50 /* libz.dylib */ = {isa = PBXFileReference; lastKnownFileType = "compiled.mach-o.dylib"; name = libz.dylib; path = usr/lib/libz.dylib; sourceTree = SDKROOT; };
		EECAA68B196F2958008A7E50 /* MobileCoreServices.framework */ = {isa = PBXFileReference; lastKnownFileType = wrapper.framework; name = MobileCoreServices.framework; path = System/Library/Frameworks/MobileCoreServices.framework; sourceTree = SDKROOT; };
		EECAA68D196F295F008A7E50 /* QuartzCore.framework */ = {isa = PBXFileReference; lastKnownFileType = wrapper.framework; name = QuartzCore.framework; path = System/Library/Frameworks/QuartzCore.framework; sourceTree = SDKROOT; };
		EECAA68F196F2967008A7E50 /* Security.framework */ = {isa = PBXFileReference; lastKnownFileType = wrapper.framework; name = Security.framework; path = System/Library/Frameworks/Security.framework; sourceTree = SDKROOT; };
		EECAA691196F296E008A7E50 /* StoreKit.framework */ = {isa = PBXFileReference; lastKnownFileType = wrapper.framework; name = StoreKit.framework; path = System/Library/Frameworks/StoreKit.framework; sourceTree = SDKROOT; };
		EECAA693196F2978008A7E50 /* SystemConfiguration.framework */ = {isa = PBXFileReference; lastKnownFileType = wrapper.framework; name = SystemConfiguration.framework; path = System/Library/Frameworks/SystemConfiguration.framework; sourceTree = SDKROOT; };
		EECAA6D0196F5033008A7E50 /* InStoreViewControllerLips.h */ = {isa = PBXFileReference; fileEncoding = 4; lastKnownFileType = sourcecode.c.h; path = InStoreViewControllerLips.h; sourceTree = "<group>"; };
		EECAA6D1196F5033008A7E50 /* InStoreViewControllerLips.m */ = {isa = PBXFileReference; fileEncoding = 4; lastKnownFileType = sourcecode.c.objc; path = InStoreViewControllerLips.m; sourceTree = "<group>"; };
		EECAA6D2196F5033008A7E50 /* InStoreViewControllerLips.xib */ = {isa = PBXFileReference; fileEncoding = 4; lastKnownFileType = file.xib; path = InStoreViewControllerLips.xib; sourceTree = "<group>"; };
		EECAA6D5196F52C5008A7E50 /* InStoreViewControllerColor1.h */ = {isa = PBXFileReference; fileEncoding = 4; lastKnownFileType = sourcecode.c.h; path = InStoreViewControllerColor1.h; sourceTree = "<group>"; };
		EECAA6D6196F52C5008A7E50 /* InStoreViewControllerColor1.m */ = {isa = PBXFileReference; fileEncoding = 4; lastKnownFileType = sourcecode.c.objc; path = InStoreViewControllerColor1.m; sourceTree = "<group>"; };
		EECAA6D7196F52C5008A7E50 /* InStoreViewControllerColor1.xib */ = {isa = PBXFileReference; fileEncoding = 4; lastKnownFileType = file.xib; path = InStoreViewControllerColor1.xib; sourceTree = "<group>"; };
		EECAA6DA196F54AE008A7E50 /* InStoreViewControllerColor2.h */ = {isa = PBXFileReference; fileEncoding = 4; lastKnownFileType = sourcecode.c.h; path = InStoreViewControllerColor2.h; sourceTree = "<group>"; };
		EECAA6DB196F54AE008A7E50 /* InStoreViewControllerColor2.m */ = {isa = PBXFileReference; fileEncoding = 4; lastKnownFileType = sourcecode.c.objc; path = InStoreViewControllerColor2.m; sourceTree = "<group>"; };
		EECAA6DC196F54AE008A7E50 /* InStoreViewControllerColor2.xib */ = {isa = PBXFileReference; fileEncoding = 4; lastKnownFileType = file.xib; path = InStoreViewControllerColor2.xib; sourceTree = "<group>"; };
		EECAA6DF196F55D2008A7E50 /* InStoreViewControllerPaintings.h */ = {isa = PBXFileReference; fileEncoding = 4; lastKnownFileType = sourcecode.c.h; path = InStoreViewControllerPaintings.h; sourceTree = "<group>"; };
		EECAA6E0196F55D2008A7E50 /* InStoreViewControllerPaintings.m */ = {isa = PBXFileReference; fileEncoding = 4; lastKnownFileType = sourcecode.c.objc; path = InStoreViewControllerPaintings.m; sourceTree = "<group>"; };
		EECAA6E1196F55D2008A7E50 /* InStoreViewControllerPaintings.xib */ = {isa = PBXFileReference; fileEncoding = 4; lastKnownFileType = file.xib; path = InStoreViewControllerPaintings.xib; sourceTree = "<group>"; };
		EECAA6E4196F5847008A7E50 /* InStoreViewControllerNature.h */ = {isa = PBXFileReference; fileEncoding = 4; lastKnownFileType = sourcecode.c.h; path = InStoreViewControllerNature.h; sourceTree = "<group>"; };
		EECAA6E5196F5847008A7E50 /* InStoreViewControllerNature.m */ = {isa = PBXFileReference; fileEncoding = 4; lastKnownFileType = sourcecode.c.objc; path = InStoreViewControllerNature.m; sourceTree = "<group>"; };
		EECAA6E6196F5847008A7E50 /* InStoreViewControllerNature.xib */ = {isa = PBXFileReference; fileEncoding = 4; lastKnownFileType = file.xib; path = InStoreViewControllerNature.xib; sourceTree = "<group>"; };
		EECAA6E9196F683F008A7E50 /* InStoreViewControllerSunsets.h */ = {isa = PBXFileReference; fileEncoding = 4; lastKnownFileType = sourcecode.c.h; path = InStoreViewControllerSunsets.h; sourceTree = "<group>"; };
		EECAA6EA196F683F008A7E50 /* InStoreViewControllerSunsets.m */ = {isa = PBXFileReference; fileEncoding = 4; lastKnownFileType = sourcecode.c.objc; path = InStoreViewControllerSunsets.m; sourceTree = "<group>"; };
		EECAA6EB196F683F008A7E50 /* InStoreViewControllerSunsets.xib */ = {isa = PBXFileReference; fileEncoding = 4; lastKnownFileType = file.xib; path = InStoreViewControllerSunsets.xib; sourceTree = "<group>"; };
		EECAA6EE196F68F9008A7E50 /* InStoreViewControllerAnimals.h */ = {isa = PBXFileReference; fileEncoding = 4; lastKnownFileType = sourcecode.c.h; path = InStoreViewControllerAnimals.h; sourceTree = "<group>"; };
		EECAA6EF196F68F9008A7E50 /* InStoreViewControllerAnimals.m */ = {isa = PBXFileReference; fileEncoding = 4; lastKnownFileType = sourcecode.c.objc; path = InStoreViewControllerAnimals.m; sourceTree = "<group>"; };
		EECAA6F0196F68F9008A7E50 /* InStoreViewControllerAnimals.xib */ = {isa = PBXFileReference; fileEncoding = 4; lastKnownFileType = file.xib; path = InStoreViewControllerAnimals.xib; sourceTree = "<group>"; };
		EECAA6F3196F6A80008A7E50 /* InStoreViewControllerBathroom.h */ = {isa = PBXFileReference; fileEncoding = 4; lastKnownFileType = sourcecode.c.h; path = InStoreViewControllerBathroom.h; sourceTree = "<group>"; };
		EECAA6F4196F6A80008A7E50 /* InStoreViewControllerBathroom.m */ = {isa = PBXFileReference; fileEncoding = 4; lastKnownFileType = sourcecode.c.objc; path = InStoreViewControllerBathroom.m; sourceTree = "<group>"; };
		EECAA6F5196F6A80008A7E50 /* InStoreViewControllerBathroom.xib */ = {isa = PBXFileReference; fileEncoding = 4; lastKnownFileType = file.xib; path = InStoreViewControllerBathroom.xib; sourceTree = "<group>"; };
		EECAA6F8196F6C2D008A7E50 /* InStoreViewControllerZebra.h */ = {isa = PBXFileReference; fileEncoding = 4; lastKnownFileType = sourcecode.c.h; path = InStoreViewControllerZebra.h; sourceTree = "<group>"; };
		EECAA6F9196F6C2D008A7E50 /* InStoreViewControllerZebra.m */ = {isa = PBXFileReference; fileEncoding = 4; lastKnownFileType = sourcecode.c.objc; path = InStoreViewControllerZebra.m; sourceTree = "<group>"; };
		EECAA6FA196F6C2D008A7E50 /* InStoreViewControllerZebra.xib */ = {isa = PBXFileReference; fileEncoding = 4; lastKnownFileType = file.xib; path = InStoreViewControllerZebra.xib; sourceTree = "<group>"; };
		EECAA6FD196F6C3F008A7E50 /* InStoreViewControllerTextures.h */ = {isa = PBXFileReference; fileEncoding = 4; lastKnownFileType = sourcecode.c.h; path = InStoreViewControllerTextures.h; sourceTree = "<group>"; };
		EECAA6FE196F6C3F008A7E50 /* InStoreViewControllerTextures.m */ = {isa = PBXFileReference; fileEncoding = 4; lastKnownFileType = sourcecode.c.objc; path = InStoreViewControllerTextures.m; sourceTree = "<group>"; };
		EECAA6FF196F6C3F008A7E50 /* InStoreViewControllerTextures.xib */ = {isa = PBXFileReference; fileEncoding = 4; lastKnownFileType = file.xib; path = InStoreViewControllerTextures.xib; sourceTree = "<group>"; };
/* End PBXFileReference section */

/* Begin PBXFrameworksBuildPhase section */
		EECAA636196F0372008A7E50 /* Frameworks */ = {
			isa = PBXFrameworksBuildPhase;
			buildActionMask = 2147483647;
			files = (
				EECAA694196F2978008A7E50 /* SystemConfiguration.framework in Frameworks */,
				EECAA692196F296E008A7E50 /* StoreKit.framework in Frameworks */,
				EECAA690196F2967008A7E50 /* Security.framework in Frameworks */,
				EECAA68E196F295F008A7E50 /* QuartzCore.framework in Frameworks */,
				EECAA68C196F2958008A7E50 /* MobileCoreServices.framework in Frameworks */,
				EECAA68A196F2950008A7E50 /* libz.dylib in Frameworks */,
				EECAA688196F2946008A7E50 /* CoreLocation.framework in Frameworks */,
				EECAA63F196F0372008A7E50 /* CoreGraphics.framework in Frameworks */,
				EECAA686196F2939008A7E50 /* CFNetwork.framework in Frameworks */,
				EECAA684196F2931008A7E50 /* AudioToolbox.framework in Frameworks */,
				EECAA641196F0372008A7E50 /* UIKit.framework in Frameworks */,
				EECAA682196F2907008A7E50 /* Parse.framework in Frameworks */,
				EECAA63D196F0372008A7E50 /* Foundation.framework in Frameworks */,
			);
			runOnlyForDeploymentPostprocessing = 0;
		};
		EECAA657196F0372008A7E50 /* Frameworks */ = {
			isa = PBXFrameworksBuildPhase;
			buildActionMask = 2147483647;
			files = (
				EECAA65C196F0372008A7E50 /* XCTest.framework in Frameworks */,
				EECAA65E196F0372008A7E50 /* UIKit.framework in Frameworks */,
				EECAA65D196F0372008A7E50 /* Foundation.framework in Frameworks */,
			);
			runOnlyForDeploymentPostprocessing = 0;
		};
/* End PBXFrameworksBuildPhase section */

/* Begin PBXGroup section */
		EEAE98BB1980106E00D19F1A /* ReturnPages */ = {
			isa = PBXGroup;
			children = (
				EEAE98BE1980110900D19F1A /* ReturnOne.h */,
				EEAE98BF1980110900D19F1A /* ReturnOne.m */,
				EEAE98C01980110900D19F1A /* ReturnOne.xib */,
				EEAE98C3198014B100D19F1A /* ReturnTwo.h */,
				EEAE98C4198014B100D19F1A /* ReturnTwo.m */,
				EEAE98C5198014B100D19F1A /* ReturnTwo.xib */,
				EEAE98C8198014BB00D19F1A /* ReturnThree.h */,
				EEAE98C9198014BB00D19F1A /* ReturnThree.m */,
				EEAE98CA198014BB00D19F1A /* ReturnThree.xib */,
				EEAE98CD198014C700D19F1A /* ReturnFour.h */,
				EEAE98CE198014C700D19F1A /* ReturnFour.m */,
				EEAE98CF198014C700D19F1A /* ReturnFour.xib */,
				EEAE98D2198014DD00D19F1A /* ReturnFive.h */,
				EEAE98D3198014DD00D19F1A /* ReturnFive.m */,
				EEAE98D4198014DD00D19F1A /* ReturnFive.xib */,
				EEAE98D7198014E700D19F1A /* ReturnSix.h */,
				EEAE98D8198014E700D19F1A /* ReturnSix.m */,
				EEAE98D9198014E700D19F1A /* ReturnSix.xib */,
				EEAE98DC198014F100D19F1A /* ReturnSeven.h */,
				EEAE98DD198014F100D19F1A /* ReturnSeven.m */,
				EEAE98DE198014F100D19F1A /* ReturnSeven.xib */,
				EEAE98E1198014FC00D19F1A /* ReturnEight.h */,
				EEAE98E2198014FC00D19F1A /* ReturnEight.m */,
				EEAE98E3198014FC00D19F1A /* ReturnEight.xib */,
				EEAE98E61980150500D19F1A /* ReturnNine.h */,
				EEAE98E71980150500D19F1A /* ReturnNine.m */,
				EEAE98E81980150600D19F1A /* ReturnNine.xib */,
				EEAE98EB1980150F00D19F1A /* ReturnTen.h */,
				EEAE98EC1980150F00D19F1A /* ReturnTen.m */,
				EEAE98ED1980150F00D19F1A /* ReturnTen.xib */,
				EEAE98F01980151900D19F1A /* ReturnEleven.h */,
				EEAE98F11980151900D19F1A /* ReturnEleven.m */,
				EEAE98F21980151900D19F1A /* ReturnEleven.xib */,
			);
			name = ReturnPages;
			sourceTree = "<group>";
		};
		EEAE98BD1980109A00D19F1A /* models */ = {
			isa = PBXGroup;
			children = (
				EEB5522019709144000EEDDF /* InStoreViewControllerAge.m */,
				EE47E4C2197ECD02005DC12D /* InStoreSession.h */,
				EE47E4C3197ECD02005DC12D /* InStoreSession.m */,
				EE9B6398197475FA00AD9BDB /* AudioController.h */,
				EE9B6399197475FA00AD9BDB /* AudioController.m */,
				EE9B64391979C8EB00AD9BDB /* InStoreAppTimer.h */,
				EE9B643A1979C8EB00AD9BDB /* InStoreAppTimer.m */,
			);
			name = models;
			sourceTree = "<group>";
		};
		EECAA630196F0372008A7E50 = {
			isa = PBXGroup;
			children = (
				EECAA642196F0372008A7E50 /* Pinrose */,
				EECAA661196F0372008A7E50 /* PinroseTests */,
				EECAA63B196F0372008A7E50 /* Frameworks */,
				EECAA63A196F0372008A7E50 /* Products */,
			);
			sourceTree = "<group>";
		};
		EECAA63A196F0372008A7E50 /* Products */ = {
			isa = PBXGroup;
			children = (
				EECAA639196F0372008A7E50 /* Pinrose.app */,
				EECAA65A196F0372008A7E50 /* PinroseTests.xctest */,
			);
			name = Products;
			sourceTree = "<group>";
		};
		EECAA63B196F0372008A7E50 /* Frameworks */ = {
			isa = PBXGroup;
			children = (
				EECAA693196F2978008A7E50 /* SystemConfiguration.framework */,
				EECAA691196F296E008A7E50 /* StoreKit.framework */,
				EECAA68F196F2967008A7E50 /* Security.framework */,
				EECAA68D196F295F008A7E50 /* QuartzCore.framework */,
				EECAA68B196F2958008A7E50 /* MobileCoreServices.framework */,
				EECAA689196F2950008A7E50 /* libz.dylib */,
				EECAA687196F2946008A7E50 /* CoreLocation.framework */,
				EECAA685196F2939008A7E50 /* CFNetwork.framework */,
				EECAA683196F2931008A7E50 /* AudioToolbox.framework */,
				EECAA681196F2907008A7E50 /* Parse.framework */,
				EECAA63C196F0372008A7E50 /* Foundation.framework */,
				EECAA63E196F0372008A7E50 /* CoreGraphics.framework */,
				EECAA640196F0372008A7E50 /* UIKit.framework */,
				EECAA65B196F0372008A7E50 /* XCTest.framework */,
			);
			name = Frameworks;
			sourceTree = "<group>";
		};
		EECAA642196F0372008A7E50 /* Pinrose */ = {
			isa = PBXGroup;
			children = (
				EEAE98BD1980109A00D19F1A /* models */,
				EEAE98BB1980106E00D19F1A /* ReturnPages */,
				EECAA671196F03E9008A7E50 /* Questions */,
				EECAA64B196F0372008A7E50 /* InStoreAppDelegate.h */,
				EECAA651196F0372008A7E50 /* InStoreViewController.h */,
				EECAA652196F0372008A7E50 /* InStoreViewController.m */,
				EECAA64C196F0372008A7E50 /* InStoreAppDelegate.m */,
				EECAA64E196F0372008A7E50 /* Main.storyboard */,
				EECAA654196F0372008A7E50 /* Images.xcassets */,
				EECAA643196F0372008A7E50 /* Supporting Files */,
			);
			path = Pinrose;
			sourceTree = "<group>";
		};
		EECAA643196F0372008A7E50 /* Supporting Files */ = {
			isa = PBXGroup;
			children = (
				EEAE995E198FE6D700D19F1A /* musicPink.png */,
				EEAE991B1980304400D19F1A /* topbar.jpg */,
				EEAE98F519802A0000D19F1A /* 30ballroom_philosopher.png */,
				EEAE98F619802A0000D19F1A /* 30campfire_rebel.png */,
				EEAE98F719802A0000D19F1A /* 30merry_maker.png */,
				EEAE98F819802A0000D19F1A /* 30moonlight_gypsy.png */,
				EEAE98F919802A0000D19F1A /* 30renegade_scarlet.png */,
				EEAE98FA19802A0000D19F1A /* 30rooftop_socialite.png */,
				EEAE98FB19802A0000D19F1A /* 30sugar_bandit.png */,
				EEAE98FC19802A0000D19F1A /* 30surf_siren.png */,
				EEAE98FD19802A0000D19F1A /* 30treehouse_royal.png */,
				EEAE98FE19802A0000D19F1A /* 70ballroom_philosopher.png */,
				EEAE98FF19802A0000D19F1A /* 70campfire_rebel.png */,
				EEAE990019802A0000D19F1A /* 70merry_maker.png */,
				EEAE990119802A0000D19F1A /* 70moonlight_gypsy.png */,
				EEAE990219802A0000D19F1A /* 70pillow_talk_poet.png */,
				EEAE990319802A0000D19F1A /* 70renegade_scarlet.png */,
				EEAE990419802A0000D19F1A /* 70rooftop_socialite.png */,
				EEAE990519802A0000D19F1A /* 70sugar_bandit.png */,
				EEAE990619802A0000D19F1A /* 70surf_siren.png */,
				EEAE990719802A0000D19F1A /* 70treehouse_royal.png */,
				EE47E4CF197ED31B005DC12D /* home (1).png */,
				EE47E4D1197EDEBE005DC12D /* zebra2 (1).jpg */,
				EE47E4C5197ED220005DC12D /* 2 new.jpg */,
				EE47E4C6197ED220005DC12D /* 1 new.jpg */,
				EE47E4C7197ED220005DC12D /* 3 new.jpg */,
				EE47E4C8197ED220005DC12D /* lips final.jpg */,
				EE47E4C9197ED220005DC12D /* home.jpg */,
				EE9B6488197AEB0900AD9BDB /* Lips1.jpg */,
				EE9B64421979F78A00AD9BDB /* zebra 1.jpg */,
				EE9B64431979F78A00AD9BDB /* zebra2.jpg */,
				EE9B64441979F78A00AD9BDB /* Texture3.jpg */,
				EE9B64451979F78A00AD9BDB /* Texture2.jpg */,
				EE9B64461979F78A00AD9BDB /* Texture1.jpg */,
				EE9B64471979F78A00AD9BDB /* Sunset2.jpg */,
				EE9B64481979F78A00AD9BDB /* Sunset1.jpg */,
				EE9B64491979F78A00AD9BDB /* Shape 2.jpg */,
				EE9B644A1979F78A00AD9BDB /* Shape 1.jpg */,
				EE9B644B1979F78A00AD9BDB /* Lips4.jpg */,
				EE9B644C1979F78A00AD9BDB /* Lips3.jpg */,
				EE9B644D1979F78A00AD9BDB /* Lips2.jpg */,
				EE9B644E1979F78A00AD9BDB /* Lips1.pdf */,
				EE9B644F1979F78A00AD9BDB /* Flower2.jpg */,
				EE9B64501979F78A00AD9BDB /* Flower1.jpg */,
				EE9B64511979F78A00AD9BDB /* Color3.jpg */,
				EE9B64521979F78A00AD9BDB /* Color2.jpg */,
				EE9B64531979F78A00AD9BDB /* Color1.jpg */,
				EE9B64551979F78A00AD9BDB /* Car 4.jpg */,
				EE9B64561979F78A00AD9BDB /* Car 3.jpg */,
				EE9B64571979F78A00AD9BDB /* Car 2.jpg */,
				EE9B64581979F78A00AD9BDB /* Car 1.jpg */,
				EEAE9960198FED7900D19F1A /* Circle1.png */,
				EE9B648A197AFB2700AD9BDB /* progress12.jpg */,
				EE9B648B197AFB2700AD9BDB /* progress11.jpg */,
				EE9B648C197AFB2700AD9BDB /* progress10.jpg */,
				EE9B648D197AFB2700AD9BDB /* progress9.jpg */,
				EE9B648E197AFB2700AD9BDB /* progress8.jpg */,
				EE9B648F197AFB2700AD9BDB /* progress7.jpg */,
				EE9B6490197AFB2700AD9BDB /* progress6.jpg */,
				EE9B6491197AFB2700AD9BDB /* progress5.jpg */,
				EE9B6492197AFB2700AD9BDB /* progress4.jpg */,
				EE9B64591979F78A00AD9BDB /* bathroom 3.jpg */,
				EE9B645A1979F78A00AD9BDB /* bathroom 1.jpg */,
				EE9B645B1979F78A00AD9BDB /* Bathroom4.jpg */,
				EE9B645C1979F78A00AD9BDB /* Bathroom2.jpg */,
				EE9B645D1979F78A00AD9BDB /* Background3.jpg */,
				EE9B645E1979F78A00AD9BDB /* Background2.jpg */,
				EE9B645F1979F78A00AD9BDB /* Background1.jpg */,
				EE9B64601979F78A00AD9BDB /* Art 1.jpg */,
				EE9B64611979F78A00AD9BDB /* Art2.jpg */,
				EE9B64621979F78A00AD9BDB /* Animal3.jpg */,
				EE9B64631979F78A00AD9BDB /* Animal2.jpg */,
				EE9B64641979F78A00AD9BDB /* Animal1.jpg */,
				EE9B643E1979E4B800AD9BDB /* Circle 2.jpeg */,
				EE9B64401979E4BF00AD9BDB /* Circle 3.jpeg */,
				EECAA644196F0372008A7E50 /* Pinrose-Info.plist */,
				EECAA645196F0372008A7E50 /* InfoPlist.strings */,
				EE9B63A0197492DA00AD9BDB /* Beat1.aif */,
				EE9B63A1197492DA00AD9BDB /* high hat strut.aif */,
				EE9B63A2197492DA00AD9BDB /* southern rock.aif */,
				EECAA648196F0372008A7E50 /* main.m */,
				EECAA64A196F0372008A7E50 /* Pinrose-Prefix.pch */,
			);
			name = "Supporting Files";
			sourceTree = "<group>";
		};
		EECAA661196F0372008A7E50 /* PinroseTests */ = {
			isa = PBXGroup;
			children = (
				EECAA667196F0372008A7E50 /* PinroseTests.m */,
				EECAA662196F0372008A7E50 /* Supporting Files */,
			);
			path = PinroseTests;
			sourceTree = "<group>";
		};
		EECAA662196F0372008A7E50 /* Supporting Files */ = {
			isa = PBXGroup;
			children = (
				EECAA663196F0372008A7E50 /* PinroseTests-Info.plist */,
				EECAA664196F0372008A7E50 /* InfoPlist.strings */,
			);
			name = "Supporting Files";
			sourceTree = "<group>";
		};
		EECAA671196F03E9008A7E50 /* Questions */ = {
			isa = PBXGroup;
			children = (
				EE47E4BD197DBD48005DC12D /* InStoreViewControllerDontThink.h */,
				EE47E4BE197DBD48005DC12D /* InStoreViewControllerDontThink.m */,
				EE47E4BF197DBD48005DC12D /* InStoreViewControllerDontThink.xib */,
				EE47E4B8197DBA9F005DC12D /* InStoreViewControllerHomePage.h */,
				EE47E4B9197DBA9F005DC12D /* InStoreViewControllerHomePage.m */,
				EE47E4BA197DBA9F005DC12D /* InStoreViewControllerHomePage.xib */,
				EECAA672196F0409008A7E50 /* InStoreViewControllerQuestion1.h */,
				EECAA673196F0409008A7E50 /* InStoreViewControllerQuestion1.m */,
				EECAA674196F0409008A7E50 /* InStoreViewControllerQuestion1.xib */,
				EE9B64361979954E00AD9BDB /* InStoreViewControllerHome.h */,
				EE9B64371979954E00AD9BDB /* InStoreViewControllerHome.m */,
				EECAA67C196F042A008A7E50 /* InStoreViewControllerQuestion2.h */,
				EECAA67D196F042A008A7E50 /* InStoreViewControllerQuestion2.m */,
				EEB5521F19709144000EEDDF /* InStoreViewControllerAge.h */,
				EEB5522119709144000EEDDF /* InStoreViewControllerAge.xib */,
				EECAA67E196F042A008A7E50 /* InStoreViewControllerQuestion2.xib */,
				EECAA6D0196F5033008A7E50 /* InStoreViewControllerLips.h */,
				EECAA6D1196F5033008A7E50 /* InStoreViewControllerLips.m */,
				EECAA6D2196F5033008A7E50 /* InStoreViewControllerLips.xib */,
				EECAA6D5196F52C5008A7E50 /* InStoreViewControllerColor1.h */,
				EECAA6D6196F52C5008A7E50 /* InStoreViewControllerColor1.m */,
				EECAA6D7196F52C5008A7E50 /* InStoreViewControllerColor1.xib */,
				EECAA6DA196F54AE008A7E50 /* InStoreViewControllerColor2.h */,
				EECAA6DB196F54AE008A7E50 /* InStoreViewControllerColor2.m */,
				EECAA6DC196F54AE008A7E50 /* InStoreViewControllerColor2.xib */,
				EECAA6DF196F55D2008A7E50 /* InStoreViewControllerPaintings.h */,
				EECAA6E0196F55D2008A7E50 /* InStoreViewControllerPaintings.m */,
				EECAA6E1196F55D2008A7E50 /* InStoreViewControllerPaintings.xib */,
				EECAA6E4196F5847008A7E50 /* InStoreViewControllerNature.h */,
				EECAA6E5196F5847008A7E50 /* InStoreViewControllerNature.m */,
				EECAA6E6196F5847008A7E50 /* InStoreViewControllerNature.xib */,
				EECAA6E9196F683F008A7E50 /* InStoreViewControllerSunsets.h */,
				EECAA6EA196F683F008A7E50 /* InStoreViewControllerSunsets.m */,
				EECAA6EB196F683F008A7E50 /* InStoreViewControllerSunsets.xib */,
				EECAA6EE196F68F9008A7E50 /* InStoreViewControllerAnimals.h */,
				EECAA6EF196F68F9008A7E50 /* InStoreViewControllerAnimals.m */,
				EECAA6F0196F68F9008A7E50 /* InStoreViewControllerAnimals.xib */,
				EECAA6F3196F6A80008A7E50 /* InStoreViewControllerBathroom.h */,
				EECAA6F4196F6A80008A7E50 /* InStoreViewControllerBathroom.m */,
				EECAA6F5196F6A80008A7E50 /* InStoreViewControllerBathroom.xib */,
				EECAA6F8196F6C2D008A7E50 /* InStoreViewControllerZebra.h */,
				EECAA6F9196F6C2D008A7E50 /* InStoreViewControllerZebra.m */,
				EECAA6FA196F6C2D008A7E50 /* InStoreViewControllerZebra.xib */,
				EECAA6FD196F6C3F008A7E50 /* InStoreViewControllerTextures.h */,
				EECAA6FE196F6C3F008A7E50 /* InStoreViewControllerTextures.m */,
				EECAA6FF196F6C3F008A7E50 /* InStoreViewControllerTextures.xib */,
			);
			name = Questions;
			sourceTree = "<group>";
		};
/* End PBXGroup section */

/* Begin PBXNativeTarget section */
		EECAA638196F0372008A7E50 /* Pinrose */ = {
			isa = PBXNativeTarget;
			buildConfigurationList = EECAA66B196F0372008A7E50 /* Build configuration list for PBXNativeTarget "Pinrose" */;
			buildPhases = (
				EECAA635196F0372008A7E50 /* Sources */,
				EECAA636196F0372008A7E50 /* Frameworks */,
				EECAA637196F0372008A7E50 /* Resources */,
			);
			buildRules = (
			);
			dependencies = (
			);
			name = Pinrose;
			productName = Pinrose;
			productReference = EECAA639196F0372008A7E50 /* Pinrose.app */;
			productType = "com.apple.product-type.application";
		};
		EECAA659196F0372008A7E50 /* PinroseTests */ = {
			isa = PBXNativeTarget;
			buildConfigurationList = EECAA66E196F0372008A7E50 /* Build configuration list for PBXNativeTarget "PinroseTests" */;
			buildPhases = (
				EECAA656196F0372008A7E50 /* Sources */,
				EECAA657196F0372008A7E50 /* Frameworks */,
				EECAA658196F0372008A7E50 /* Resources */,
			);
			buildRules = (
			);
			dependencies = (
				EECAA660196F0372008A7E50 /* PBXTargetDependency */,
			);
			name = PinroseTests;
			productName = PinroseTests;
			productReference = EECAA65A196F0372008A7E50 /* PinroseTests.xctest */;
			productType = "com.apple.product-type.bundle.unit-test";
		};
/* End PBXNativeTarget section */

/* Begin PBXProject section */
		EECAA631196F0372008A7E50 /* Project object */ = {
			isa = PBXProject;
			attributes = {
				CLASSPREFIX = InStore;
				LastUpgradeCheck = 0510;
				ORGANIZATIONNAME = "___FULLUSERNAME___";
				TargetAttributes = {
					EECAA659196F0372008A7E50 = {
						TestTargetID = EECAA638196F0372008A7E50;
					};
				};
			};
			buildConfigurationList = EECAA634196F0372008A7E50 /* Build configuration list for PBXProject "Pinrose" */;
			compatibilityVersion = "Xcode 3.2";
			developmentRegion = English;
			hasScannedForEncodings = 0;
			knownRegions = (
				en,
				Base,
			);
			mainGroup = EECAA630196F0372008A7E50;
			productRefGroup = EECAA63A196F0372008A7E50 /* Products */;
			projectDirPath = "";
			projectRoot = "";
			targets = (
				EECAA638196F0372008A7E50 /* Pinrose */,
				EECAA659196F0372008A7E50 /* PinroseTests */,
			);
		};
/* End PBXProject section */

/* Begin PBXResourcesBuildPhase section */
		EECAA637196F0372008A7E50 /* Resources */ = {
			isa = PBXResourcesBuildPhase;
			buildActionMask = 2147483647;
			files = (
				EE9B64811979F78A00AD9BDB /* Background2.jpg in Resources */,
				EEAE98E5198014FC00D19F1A /* ReturnEight.xib in Resources */,
				EEAE990A19802A0000D19F1A /* 30merry_maker.png in Resources */,
				EE9B6496197AFB2700AD9BDB /* progress9.jpg in Resources */,
				EE9B6493197AFB2700AD9BDB /* progress12.jpg in Resources */,
				EEAE991319802A0000D19F1A /* 70merry_maker.png in Resources */,
				EE9B63A3197492DA00AD9BDB /* Beat1.aif in Resources */,
				EE9B643F1979E4B800AD9BDB /* Circle 2.jpeg in Resources */,
				EEAE98D1198014C700D19F1A /* ReturnFour.xib in Resources */,
				EE9B6498197AFB2700AD9BDB /* progress7.jpg in Resources */,
				EE9B6494197AFB2700AD9BDB /* progress11.jpg in Resources */,
				EE9B646F1979F78A00AD9BDB /* Lips3.jpg in Resources */,
				EE47E4CE197ED220005DC12D /* home.jpg in Resources */,
				EEAE991519802A0000D19F1A /* 70pillow_talk_poet.png in Resources */,
				EEAE991019802A0000D19F1A /* 30treehouse_royal.png in Resources */,
				EE9B64741979F78A00AD9BDB /* Color3.jpg in Resources */,
				EE9B6495197AFB2700AD9BDB /* progress10.jpg in Resources */,
				EEAE991619802A0000D19F1A /* 70renegade_scarlet.png in Resources */,
				EEAE98EA1980150600D19F1A /* ReturnNine.xib in Resources */,
				EE9B64831979F78A00AD9BDB /* Art 1.jpg in Resources */,
				EE9B64681979F78A00AD9BDB /* Texture2.jpg in Resources */,
				EE9B64761979F78A00AD9BDB /* Color1.jpg in Resources */,
				EEAE990C19802A0000D19F1A /* 30renegade_scarlet.png in Resources */,
				EE47E4D0197ED31B005DC12D /* home (1).png in Resources */,
				EEAE991719802A0000D19F1A /* 70rooftop_socialite.png in Resources */,
				EECAA6E8196F5847008A7E50 /* InStoreViewControllerNature.xib in Resources */,
				EEAE98E0198014F100D19F1A /* ReturnSeven.xib in Resources */,
				EECAA680196F042A008A7E50 /* InStoreViewControllerQuestion2.xib in Resources */,
				EECAA655196F0372008A7E50 /* Images.xcassets in Resources */,
				EE9B646B1979F78A00AD9BDB /* Sunset1.jpg in Resources */,
				EECAA6F2196F68F9008A7E50 /* InStoreViewControllerAnimals.xib in Resources */,
				EE9B64411979E4BF00AD9BDB /* Circle 3.jpeg in Resources */,
				EECAA647196F0372008A7E50 /* InfoPlist.strings in Resources */,
				EE47E4D2197EDEBE005DC12D /* zebra2 (1).jpg in Resources */,
				EE9B647F1979F78A00AD9BDB /* Bathroom2.jpg in Resources */,
				EEAE98C7198014B100D19F1A /* ReturnTwo.xib in Resources */,
				EECAA6F7196F6A80008A7E50 /* InStoreViewControllerBathroom.xib in Resources */,
				EE9B647D1979F78A00AD9BDB /* bathroom 1.jpg in Resources */,
				EE9B64781979F78A00AD9BDB /* Car 4.jpg in Resources */,
				EE9B64801979F78A00AD9BDB /* Background3.jpg in Resources */,
				EEAE98C21980110900D19F1A /* ReturnOne.xib in Resources */,
				EEAE990919802A0000D19F1A /* 30campfire_rebel.png in Resources */,
				EEAE98CC198014BB00D19F1A /* ReturnThree.xib in Resources */,
				EE9B647B1979F78A00AD9BDB /* Car 1.jpg in Resources */,
				EE9B64751979F78A00AD9BDB /* Color2.jpg in Resources */,
				EE9B63A4197492DA00AD9BDB /* high hat strut.aif in Resources */,
				EE9B64711979F78A00AD9BDB /* Lips1.pdf in Resources */,
				EEAE9961198FED7900D19F1A /* Circle1.png in Resources */,
				EE9B649B197AFB2700AD9BDB /* progress4.jpg in Resources */,
				EEAE991219802A0000D19F1A /* 70campfire_rebel.png in Resources */,
				EEAE990819802A0000D19F1A /* 30ballroom_philosopher.png in Resources */,
				EEAE990B19802A0000D19F1A /* 30moonlight_gypsy.png in Resources */,
				EE47E4C1197DBD48005DC12D /* InStoreViewControllerDontThink.xib in Resources */,
				EEAE991A19802A0000D19F1A /* 70treehouse_royal.png in Resources */,
				EE9B64861979F78A00AD9BDB /* Animal2.jpg in Resources */,
				EE9B647E1979F78A00AD9BDB /* Bathroom4.jpg in Resources */,
				EECAA6DE196F54AE008A7E50 /* InStoreViewControllerColor2.xib in Resources */,
				EECAA6D9196F52C5008A7E50 /* InStoreViewControllerColor1.xib in Resources */,
				EE47E4CA197ED220005DC12D /* 2 new.jpg in Resources */,
				EEAE990E19802A0000D19F1A /* 30sugar_bandit.png in Resources */,
				EE9B64691979F78A00AD9BDB /* Texture1.jpg in Resources */,
				EE9B646A1979F78A00AD9BDB /* Sunset2.jpg in Resources */,
				EE9B647A1979F78A00AD9BDB /* Car 2.jpg in Resources */,
				EEAE991119802A0000D19F1A /* 70ballroom_philosopher.png in Resources */,
				EEAE98DB198014E700D19F1A /* ReturnSix.xib in Resources */,
				EE47E4CD197ED220005DC12D /* lips final.jpg in Resources */,
				EEAE991C1980304400D19F1A /* topbar.jpg in Resources */,
				EE47E4CB197ED220005DC12D /* 1 new.jpg in Resources */,
				EECAA6FC196F6C2D008A7E50 /* InStoreViewControllerZebra.xib in Resources */,
				EE47E4CC197ED220005DC12D /* 3 new.jpg in Resources */,
				EE9B64701979F78A00AD9BDB /* Lips2.jpg in Resources */,
				EE9B64851979F78A00AD9BDB /* Animal3.jpg in Resources */,
				EEAE995F198FE6D700D19F1A /* musicPink.png in Resources */,
				EE9B64841979F78A00AD9BDB /* Art2.jpg in Resources */,
				EEAE990D19802A0000D19F1A /* 30rooftop_socialite.png in Resources */,
				EE9B64731979F78A00AD9BDB /* Flower1.jpg in Resources */,
				EE9B647C1979F78A00AD9BDB /* bathroom 3.jpg in Resources */,
				EEAE991419802A0000D19F1A /* 70moonlight_gypsy.png in Resources */,
				EEAE991919802A0000D19F1A /* 70surf_siren.png in Resources */,
				EE9B6497197AFB2700AD9BDB /* progress8.jpg in Resources */,
				EECAA6D4196F5033008A7E50 /* InStoreViewControllerLips.xib in Resources */,
				EE9B649A197AFB2700AD9BDB /* progress5.jpg in Resources */,
				EE9B646E1979F78A00AD9BDB /* Lips4.jpg in Resources */,
				EECAA650196F0372008A7E50 /* Main.storyboard in Resources */,
				EE9B64871979F78A00AD9BDB /* Animal1.jpg in Resources */,
				EEAE991819802A0000D19F1A /* 70sugar_bandit.png in Resources */,
				EE9B64721979F78A00AD9BDB /* Flower2.jpg in Resources */,
				EE9B64671979F78A00AD9BDB /* Texture3.jpg in Resources */,
				EE9B6499197AFB2700AD9BDB /* progress6.jpg in Resources */,
				EECAA701196F6C3F008A7E50 /* InStoreViewControllerTextures.xib in Resources */,
				EE47E4BC197DBA9F005DC12D /* InStoreViewControllerHomePage.xib in Resources */,
				EECAA676196F0409008A7E50 /* InStoreViewControllerQuestion1.xib in Resources */,
				EE9B64651979F78A00AD9BDB /* zebra 1.jpg in Resources */,
				EEB5522319709144000EEDDF /* InStoreViewControllerAge.xib in Resources */,
				EE9B646D1979F78A00AD9BDB /* Shape 1.jpg in Resources */,
				EE9B64821979F78A00AD9BDB /* Background1.jpg in Resources */,
				EE9B6489197AEB0900AD9BDB /* Lips1.jpg in Resources */,
				EEAE98F41980151900D19F1A /* ReturnEleven.xib in Resources */,
				EEAE98D6198014DD00D19F1A /* ReturnFive.xib in Resources */,
				EEAE990F19802A0000D19F1A /* 30surf_siren.png in Resources */,
				EEAE98EF1980150F00D19F1A /* ReturnTen.xib in Resources */,
				EE9B63A5197492DA00AD9BDB /* southern rock.aif in Resources */,
				EE9B64661979F78A00AD9BDB /* zebra2.jpg in Resources */,
				EE9B64791979F78A00AD9BDB /* Car 3.jpg in Resources */,
				EE9B646C1979F78A00AD9BDB /* Shape 2.jpg in Resources */,
				EECAA6ED196F683F008A7E50 /* InStoreViewControllerSunsets.xib in Resources */,
				EECAA6E3196F55D2008A7E50 /* InStoreViewControllerPaintings.xib in Resources */,
			);
			runOnlyForDeploymentPostprocessing = 0;
		};
		EECAA658196F0372008A7E50 /* Resources */ = {
			isa = PBXResourcesBuildPhase;
			buildActionMask = 2147483647;
			files = (
				EECAA666196F0372008A7E50 /* InfoPlist.strings in Resources */,
			);
			runOnlyForDeploymentPostprocessing = 0;
		};
/* End PBXResourcesBuildPhase section */

/* Begin PBXSourcesBuildPhase section */
		EECAA635196F0372008A7E50 /* Sources */ = {
			isa = PBXSourcesBuildPhase;
			buildActionMask = 2147483647;
			files = (
				EECAA6E2196F55D2008A7E50 /* InStoreViewControllerPaintings.m in Sources */,
				EEAE98D0198014C700D19F1A /* ReturnFour.m in Sources */,
				EECAA700196F6C3F008A7E50 /* InStoreViewControllerTextures.m in Sources */,
				EE47E4C0197DBD48005DC12D /* InStoreViewControllerDontThink.m in Sources */,
				EEAE98D5198014DD00D19F1A /* ReturnFive.m in Sources */,
				EECAA649196F0372008A7E50 /* main.m in Sources */,
				EEAE98E91980150600D19F1A /* ReturnNine.m in Sources */,
				EECAA64D196F0372008A7E50 /* InStoreAppDelegate.m in Sources */,
				EECAA675196F0409008A7E50 /* InStoreViewControllerQuestion1.m in Sources */,
				EE9B64381979954E00AD9BDB /* InStoreViewControllerHome.m in Sources */,
				EECAA6D8196F52C5008A7E50 /* InStoreViewControllerColor1.m in Sources */,
				EECAA6EC196F683F008A7E50 /* InStoreViewControllerSunsets.m in Sources */,
				EECAA6DD196F54AE008A7E50 /* InStoreViewControllerColor2.m in Sources */,
				EEAE98EE1980150F00D19F1A /* ReturnTen.m in Sources */,
				EEB5522219709144000EEDDF /* InStoreViewControllerAge.m in Sources */,
				EECAA67F196F042A008A7E50 /* InStoreViewControllerQuestion2.m in Sources */,
				EECAA6E7196F5847008A7E50 /* InStoreViewControllerNature.m in Sources */,
				EE47E4C4197ECD02005DC12D /* InStoreSession.m in Sources */,
				EE9B639A197475FA00AD9BDB /* AudioController.m in Sources */,
				EECAA653196F0372008A7E50 /* InStoreViewController.m in Sources */,
				EEAE98CB198014BB00D19F1A /* ReturnThree.m in Sources */,
				EEAE98C6198014B100D19F1A /* ReturnTwo.m in Sources */,
				EE9B643B1979C8EB00AD9BDB /* InStoreAppTimer.m in Sources */,
				EECAA6D3196F5033008A7E50 /* InStoreViewControllerLips.m in Sources */,
				EEAE98DA198014E700D19F1A /* ReturnSix.m in Sources */,
				EECAA6F1196F68F9008A7E50 /* InStoreViewControllerAnimals.m in Sources */,
				EEAE98DF198014F100D19F1A /* ReturnSeven.m in Sources */,
				EEAE98E4198014FC00D19F1A /* ReturnEight.m in Sources */,
				EEAE98C11980110900D19F1A /* ReturnOne.m in Sources */,
				EE47E4BB197DBA9F005DC12D /* InStoreViewControllerHomePage.m in Sources */,
				EECAA6FB196F6C2D008A7E50 /* InStoreViewControllerZebra.m in Sources */,
				EEAE98F31980151900D19F1A /* ReturnEleven.m in Sources */,
				EECAA6F6196F6A80008A7E50 /* InStoreViewControllerBathroom.m in Sources */,
			);
			runOnlyForDeploymentPostprocessing = 0;
		};
		EECAA656196F0372008A7E50 /* Sources */ = {
			isa = PBXSourcesBuildPhase;
			buildActionMask = 2147483647;
			files = (
				EECAA668196F0372008A7E50 /* PinroseTests.m in Sources */,
			);
			runOnlyForDeploymentPostprocessing = 0;
		};
/* End PBXSourcesBuildPhase section */

/* Begin PBXTargetDependency section */
		EECAA660196F0372008A7E50 /* PBXTargetDependency */ = {
			isa = PBXTargetDependency;
			target = EECAA638196F0372008A7E50 /* Pinrose */;
			targetProxy = EECAA65F196F0372008A7E50 /* PBXContainerItemProxy */;
		};
/* End PBXTargetDependency section */

/* Begin PBXVariantGroup section */
		EECAA645196F0372008A7E50 /* InfoPlist.strings */ = {
			isa = PBXVariantGroup;
			children = (
				EECAA646196F0372008A7E50 /* en */,
			);
			name = InfoPlist.strings;
			sourceTree = "<group>";
		};
		EECAA64E196F0372008A7E50 /* Main.storyboard */ = {
			isa = PBXVariantGroup;
			children = (
				EECAA64F196F0372008A7E50 /* Base */,
			);
			name = Main.storyboard;
			sourceTree = "<group>";
		};
		EECAA664196F0372008A7E50 /* InfoPlist.strings */ = {
			isa = PBXVariantGroup;
			children = (
				EECAA665196F0372008A7E50 /* en */,
			);
			name = InfoPlist.strings;
			sourceTree = "<group>";
		};
/* End PBXVariantGroup section */

/* Begin XCBuildConfiguration section */
		EECAA669196F0372008A7E50 /* Debug */ = {
			isa = XCBuildConfiguration;
			buildSettings = {
				ALWAYS_SEARCH_USER_PATHS = NO;
				CLANG_CXX_LANGUAGE_STANDARD = "gnu++0x";
				CLANG_CXX_LIBRARY = "libc++";
				CLANG_ENABLE_MODULES = YES;
				CLANG_ENABLE_OBJC_ARC = YES;
				CLANG_WARN_BOOL_CONVERSION = YES;
				CLANG_WARN_CONSTANT_CONVERSION = YES;
				CLANG_WARN_DIRECT_OBJC_ISA_USAGE = YES_ERROR;
				CLANG_WARN_EMPTY_BODY = YES;
				CLANG_WARN_ENUM_CONVERSION = YES;
				CLANG_WARN_INT_CONVERSION = YES;
				CLANG_WARN_OBJC_ROOT_CLASS = YES_ERROR;
				CLANG_WARN__DUPLICATE_METHOD_MATCH = YES;
				"CODE_SIGN_IDENTITY[sdk=iphoneos*]" = "iPhone Developer";
				COPY_PHASE_STRIP = NO;
				GCC_C_LANGUAGE_STANDARD = gnu99;
				GCC_DYNAMIC_NO_PIC = NO;
				GCC_OPTIMIZATION_LEVEL = 0;
				GCC_PREPROCESSOR_DEFINITIONS = (
					"DEBUG=1",
					"$(inherited)",
				);
				GCC_SYMBOLS_PRIVATE_EXTERN = NO;
				GCC_WARN_64_TO_32_BIT_CONVERSION = YES;
				GCC_WARN_ABOUT_RETURN_TYPE = YES_ERROR;
				GCC_WARN_UNDECLARED_SELECTOR = YES;
				GCC_WARN_UNINITIALIZED_AUTOS = YES_AGGRESSIVE;
				GCC_WARN_UNUSED_FUNCTION = YES;
				GCC_WARN_UNUSED_VARIABLE = YES;
				IPHONEOS_DEPLOYMENT_TARGET = 7.1;
				ONLY_ACTIVE_ARCH = YES;
				SDKROOT = iphoneos;
				TARGETED_DEVICE_FAMILY = 2;
			};
			name = Debug;
		};
		EECAA66A196F0372008A7E50 /* Release */ = {
			isa = XCBuildConfiguration;
			buildSettings = {
				ALWAYS_SEARCH_USER_PATHS = NO;
				CLANG_CXX_LANGUAGE_STANDARD = "gnu++0x";
				CLANG_CXX_LIBRARY = "libc++";
				CLANG_ENABLE_MODULES = YES;
				CLANG_ENABLE_OBJC_ARC = YES;
				CLANG_WARN_BOOL_CONVERSION = YES;
				CLANG_WARN_CONSTANT_CONVERSION = YES;
				CLANG_WARN_DIRECT_OBJC_ISA_USAGE = YES_ERROR;
				CLANG_WARN_EMPTY_BODY = YES;
				CLANG_WARN_ENUM_CONVERSION = YES;
				CLANG_WARN_INT_CONVERSION = YES;
				CLANG_WARN_OBJC_ROOT_CLASS = YES_ERROR;
				CLANG_WARN__DUPLICATE_METHOD_MATCH = YES;
				"CODE_SIGN_IDENTITY[sdk=iphoneos*]" = "iPhone Developer";
				COPY_PHASE_STRIP = YES;
				ENABLE_NS_ASSERTIONS = NO;
				GCC_C_LANGUAGE_STANDARD = gnu99;
				GCC_WARN_64_TO_32_BIT_CONVERSION = YES;
				GCC_WARN_ABOUT_RETURN_TYPE = YES_ERROR;
				GCC_WARN_UNDECLARED_SELECTOR = YES;
				GCC_WARN_UNINITIALIZED_AUTOS = YES_AGGRESSIVE;
				GCC_WARN_UNUSED_FUNCTION = YES;
				GCC_WARN_UNUSED_VARIABLE = YES;
				IPHONEOS_DEPLOYMENT_TARGET = 7.1;
				SDKROOT = iphoneos;
				TARGETED_DEVICE_FAMILY = 2;
				VALIDATE_PRODUCT = YES;
			};
			name = Release;
		};
		EECAA66C196F0372008A7E50 /* Debug */ = {
			isa = XCBuildConfiguration;
			buildSettings = {
				ASSETCATALOG_COMPILER_APPICON_NAME = AppIcon;
				ASSETCATALOG_COMPILER_LAUNCHIMAGE_NAME = LaunchImage;
				FRAMEWORK_SEARCH_PATHS = (
					"$(inherited)",
					"$(PROJECT_DIR)",
				);
				GCC_PRECOMPILE_PREFIX_HEADER = YES;
				GCC_PREFIX_HEADER = "Pinrose/Pinrose-Prefix.pch";
				INFOPLIST_FILE = "Pinrose/Pinrose-Info.plist";
				PRODUCT_NAME = "$(TARGET_NAME)";
				WRAPPER_EXTENSION = app;
			};
			name = Debug;
		};
		EECAA66D196F0372008A7E50 /* Release */ = {
			isa = XCBuildConfiguration;
			buildSettings = {
				ASSETCATALOG_COMPILER_APPICON_NAME = AppIcon;
				ASSETCATALOG_COMPILER_LAUNCHIMAGE_NAME = LaunchImage;
				FRAMEWORK_SEARCH_PATHS = (
					"$(inherited)",
					"$(PROJECT_DIR)",
				);
				GCC_PRECOMPILE_PREFIX_HEADER = YES;
				GCC_PREFIX_HEADER = "Pinrose/Pinrose-Prefix.pch";
				INFOPLIST_FILE = "Pinrose/Pinrose-Info.plist";
				PRODUCT_NAME = "$(TARGET_NAME)";
				WRAPPER_EXTENSION = app;
			};
			name = Release;
		};
		EECAA66F196F0372008A7E50 /* Debug */ = {
			isa = XCBuildConfiguration;
			buildSettings = {
				BUNDLE_LOADER = "$(BUILT_PRODUCTS_DIR)/Pinrose.app/Pinrose";
				FRAMEWORK_SEARCH_PATHS = (
					"$(SDKROOT)/Developer/Library/Frameworks",
					"$(inherited)",
					"$(DEVELOPER_FRAMEWORKS_DIR)",
				);
				GCC_PRECOMPILE_PREFIX_HEADER = YES;
				GCC_PREFIX_HEADER = "Pinrose/Pinrose-Prefix.pch";
				GCC_PREPROCESSOR_DEFINITIONS = (
					"DEBUG=1",
					"$(inherited)",
				);
				INFOPLIST_FILE = "PinroseTests/PinroseTests-Info.plist";
				PRODUCT_NAME = "$(TARGET_NAME)";
				TEST_HOST = "$(BUNDLE_LOADER)";
				WRAPPER_EXTENSION = xctest;
			};
			name = Debug;
		};
		EECAA670196F0372008A7E50 /* Release */ = {
			isa = XCBuildConfiguration;
			buildSettings = {
				BUNDLE_LOADER = "$(BUILT_PRODUCTS_DIR)/Pinrose.app/Pinrose";
				FRAMEWORK_SEARCH_PATHS = (
					"$(SDKROOT)/Developer/Library/Frameworks",
					"$(inherited)",
					"$(DEVELOPER_FRAMEWORKS_DIR)",
				);
				GCC_PRECOMPILE_PREFIX_HEADER = YES;
				GCC_PREFIX_HEADER = "Pinrose/Pinrose-Prefix.pch";
				INFOPLIST_FILE = "PinroseTests/PinroseTests-Info.plist";
				PRODUCT_NAME = "$(TARGET_NAME)";
				TEST_HOST = "$(BUNDLE_LOADER)";
				WRAPPER_EXTENSION = xctest;
			};
			name = Release;
		};
/* End XCBuildConfiguration section */

/* Begin XCConfigurationList section */
		EECAA634196F0372008A7E50 /* Build configuration list for PBXProject "Pinrose" */ = {
			isa = XCConfigurationList;
			buildConfigurations = (
				EECAA669196F0372008A7E50 /* Debug */,
				EECAA66A196F0372008A7E50 /* Release */,
			);
			defaultConfigurationIsVisible = 0;
			defaultConfigurationName = Release;
		};
		EECAA66B196F0372008A7E50 /* Build configuration list for PBXNativeTarget "Pinrose" */ = {
			isa = XCConfigurationList;
			buildConfigurations = (
				EECAA66C196F0372008A7E50 /* Debug */,
				EECAA66D196F0372008A7E50 /* Release */,
			);
			defaultConfigurationIsVisible = 0;
			defaultConfigurationName = Release;
		};
		EECAA66E196F0372008A7E50 /* Build configuration list for PBXNativeTarget "PinroseTests" */ = {
			isa = XCConfigurationList;
			buildConfigurations = (
				EECAA66F196F0372008A7E50 /* Debug */,
				EECAA670196F0372008A7E50 /* Release */,
			);
			defaultConfigurationIsVisible = 0;
			defaultConfigurationName = Release;
		};
/* End XCConfigurationList section */
	};
	rootObject = EECAA631196F0372008A7E50 /* Project object */;
}
